
Microsoft Visual Studio Solution File, Format Version 12.00
# Visual Studio 15
VisualStudioVersion = 15.0.26730.12
MinimumVisualStudioVersion = 10.0.40219.1
Project("{2150E333-8FDC-42A3-9474-1A3956D46DE8}") = "值类型", "值类型", "{F5AE1B03-9999-4DD5-A224-BECA576E19DA}"
EndProject
Project("{FAE04EC0-301F-11D3-BF4B-00C04F79EFBC}") = "A01类型表", "A01类型表\A01类型表.csproj", "{32898F67-6BDE-4633-AA1D-F3DF0D103935}"
EndProject
Project("{FAE04EC0-301F-11D3-BF4B-00C04F79EFBC}") = "A02类型转换", "A02类型转换\A02类型转换.csproj", "{2ED36439-76CA-4E6F-BA99-EDCF583DEB00}"
EndProject
Project("{FAE04EC0-301F-11D3-BF4B-00C04F79EFBC}") = "A03数值转换成字符串", "A03数值转换成字符串\A03数值转换成字符串.csproj", "{7F8973CF-CC14-4324-B9C7-9C7C530964F6}"
EndProject
Project("{FAE04EC0-301F-11D3-BF4B-00C04F79EFBC}") = "A04字符串转换数值", "A04字符串转换数值\A04字符串转换数值.csproj", "{D7E6FE7A-6CD2-41F9-BC0F-9F457CBB8FAF}"
EndProject
Project("{FAE04EC0-301F-11D3-BF4B-00C04F79EFBC}") = "A05判断字符串是否表示数值", "A05判断字符串是否表示数值\A05判断字符串是否表示数值.csproj", "{2254347E-0286-492E-BD79-0CF4CD85C787}"
EndProject
Project("{2150E333-8FDC-42A3-9474-1A3956D46DE8}") = "引用类型", "引用类型", "{3D7EE420-E97D-459C-9DAC-48EFD8499B94}"
EndProject
Project("{2150E333-8FDC-42A3-9474-1A3956D46DE8}") = "修饰符", "修饰符", "{CB79CAB6-A1C9-4555-B5D0-94F75212ED64}"
EndProject
Project("{2150E333-8FDC-42A3-9474-1A3956D46DE8}") = "数组", "数组", "{DC661243-A99C-4D8C-A5BF-757648E09477}"
EndProject
Project("{FAE04EC0-301F-11D3-BF4B-00C04F79EFBC}") = "使用 Rank 属性显示数组的维数", "使用 Rank 属性显示数组的维数\使用 Rank 属性显示数组的维数.csproj", "{B6BAE3DF-D138-446B-825F-267993F27958}"
EndProject
Project("{FAE04EC0-301F-11D3-BF4B-00C04F79EFBC}") = "A01一维数组", "A01一维数组\A01一维数组.csproj", "{D831389D-F3BD-4050-B9C8-B62C90CBB766}"
EndProject
Project("{FAE04EC0-301F-11D3-BF4B-00C04F79EFBC}") = "A02多维数组", "A02多维数组\A02多维数组.csproj", "{D447F83E-2B1C-438A-82F8-ABB68CCF136D}"
EndProject
Project("{FAE04EC0-301F-11D3-BF4B-00C04F79EFBC}") = "A03交错数组", "A03交错数组\A03交错数组.csproj", "{178D8427-7E5C-4EAB-B6D0-B0777BA474B9}"
EndProject
Project("{FAE04EC0-301F-11D3-BF4B-00C04F79EFBC}") = "数组使用 foreach", "数组使用 foreach\数组使用 foreach.csproj", "{8CE10AEF-CD86-47AF-82F3-6A0D20EA443C}"
EndProject
Project("{FAE04EC0-301F-11D3-BF4B-00C04F79EFBC}") = "A04将一维数组作为参数传递", "A04将一维数组作为参数传递\A04将一维数组作为参数传递.csproj", "{BF60D11C-18AA-4E96-8120-9C26C7A3B077}"
EndProject
Project("{FAE04EC0-301F-11D3-BF4B-00C04F79EFBC}") = "A05将多维数组作为参数传递", "A05将多维数组作为参数传递\A05将多维数组作为参数传递.csproj", "{84C321DC-3AA0-477A-8885-C8B286CFE92F}"
EndProject
Project("{FAE04EC0-301F-11D3-BF4B-00C04F79EFBC}") = "ArrayTest", "ArrayTest\ArrayTest.csproj", "{F9F41777-F4B8-478A-A390-A56C2EE2D1EE}"
EndProject
Project("{FAE04EC0-301F-11D3-BF4B-00C04F79EFBC}") = "A06使用 out 传递数组", "A06使用 out 传递数组\A06使用 out 传递数组.csproj", "{6BD865AD-5C23-429E-AE21-147F01FDFB9C}"
EndProject
Project("{FAE04EC0-301F-11D3-BF4B-00C04F79EFBC}") = "A07使用 ref 传递数组", "A07使用 ref 传递数组\A07使用 ref 传递数组.csproj", "{C3826ADD-BD16-4358-92C5-263F6C21A1DA}"
EndProject
Project("{FAE04EC0-301F-11D3-BF4B-00C04F79EFBC}") = "A09隐式类型的数组", "A09隐式类型的数组\A09隐式类型的数组.csproj", "{CF06F8CF-4198-44B1-9DF0-A03B15A79286}"
EndProject
Project("{2150E333-8FDC-42A3-9474-1A3956D46DE8}") = "类和结构", "类和结构", "{6E83A517-D554-4323-B7D2-8A57FFFDB427}"
EndProject
Project("{FAE04EC0-301F-11D3-BF4B-00C04F79EFBC}") = "A01类的基本语法", "A01类的基本语法\A01类的基本语法.csproj", "{DD728B87-B19B-4B09-A448-F9CF2B5BEE3D}"
EndProject
Project("{FAE04EC0-301F-11D3-BF4B-00C04F79EFBC}") = "A01类的基本语法Test", "A01类的基本语法Test\A01类的基本语法Test.csproj", "{84A4428F-3EA2-4768-86DE-D63ACB052F7C}"
EndProject
Project("{FAE04EC0-301F-11D3-BF4B-00C04F79EFBC}") = "A01装箱和取消装箱", "A01装箱和取消装箱\A01装箱和取消装箱.csproj", "{4A129640-9D1D-4C0F-9DAD-AEE73C1D4BF8}"
EndProject
Project("{2150E333-8FDC-42A3-9474-1A3956D46DE8}") = "字符串", "字符串", "{5FEEDE8E-6C20-43AC-8EBF-E15F97425AFF}"
EndProject
Project("{FAE04EC0-301F-11D3-BF4B-00C04F79EFBC}") = "A01截取字符串", "A01截取字符串\A01截取字符串.csproj", "{140346DC-4F27-474B-91B5-E851BFBA3C5E}"
EndProject
Project("{FAE04EC0-301F-11D3-BF4B-00C04F79EFBC}") = "A02查找字符串字符位置", "A02查找字符串字符位置\A02查找字符串字符位置.csproj", "{C0EC95CF-36F0-4972-90D4-5CAE19DBECCB}"
EndProject
Project("{FAE04EC0-301F-11D3-BF4B-00C04F79EFBC}") = "A02类的析构函数", "A02类的析构函数\A02类的析构函数.csproj", "{CE072C6B-BD15-451B-9B66-8A87BB76ECB9}"
EndProject
Project("{FAE04EC0-301F-11D3-BF4B-00C04F79EFBC}") = "A03类的继承", "A03类的继承\A03类的继承.csproj", "{A8A9EF2F-8586-42EE-A034-F5F9A909CF18}"
EndProject
Project("{FAE04EC0-301F-11D3-BF4B-00C04F79EFBC}") = "A02里氏转换", "A02里氏转换\A02里氏转换.csproj", "{E4B901D9-8BDC-4D01-A9B3-2F6702ECA7BC}"
EndProject
Project("{FAE04EC0-301F-11D3-BF4B-00C04F79EFBC}") = "A04只允许子类访问修饰符", "A04只允许子类访问修饰符\A04只允许子类访问修饰符.csproj", "{1E43EA8C-5994-4CF4-91F8-80E8EE2FEE19}"
EndProject
Project("{2150E333-8FDC-42A3-9474-1A3956D46DE8}") = "集合", "集合", "{77599823-F453-4420-AE74-800DB748C314}"
EndProject
Project("{FAE04EC0-301F-11D3-BF4B-00C04F79EFBC}") = "A01ArrayList集合", "A01ArrayList集合\A01ArrayList集合.csproj", "{A78B7974-9320-4324-8859-61E727997406}"
EndProject
Project("{FAE04EC0-301F-11D3-BF4B-00C04F79EFBC}") = "A02HashTable键值对集合", "A02HashTable键值对集合\A02HashTable键值对集合.csproj", "{9EF1559F-493F-4BBA-922D-12F47CA5692C}"
EndProject
Project("{2150E333-8FDC-42A3-9474-1A3956D46DE8}") = "文件管理", "文件管理", "{D4F80B27-FB36-4771-930B-5BACA9466F43}"
EndProject
Project("{FAE04EC0-301F-11D3-BF4B-00C04F79EFBC}") = "A01PATH类", "A01PATH类\A01PATH类.csproj", "{320CA635-D64F-46FC-9B6D-A403812B3EAA}"
EndProject
Project("{FAE04EC0-301F-11D3-BF4B-00C04F79EFBC}") = "A02File类", "A02File类\A02File类.csproj", "{46B4E628-ACCC-4C9D-82C3-8F0CE9163A56}"
EndProject
Project("{2150E333-8FDC-42A3-9474-1A3956D46DE8}") = "编码转换", "编码转换", "{7F5D2E8B-E959-49F2-8B7F-AD4C6EB9D3F7}"
EndProject
Project("{FAE04EC0-301F-11D3-BF4B-00C04F79EFBC}") = "A03File二进制读写", "A03File二进制读写\A03File二进制读写.csproj", "{E304997B-A2FA-449F-8BCD-71781A5AD148}"
EndProject
Project("{FAE04EC0-301F-11D3-BF4B-00C04F79EFBC}") = "A03List泛型集合", "A03List泛型集合\A03List泛型集合.csproj", "{8010B5A4-3838-470B-B77C-9A23C108C783}"
EndProject
Global
	GlobalSection(SolutionConfigurationPlatforms) = preSolution
		Debug|Any CPU = Debug|Any CPU
		Release|Any CPU = Release|Any CPU
	EndGlobalSection
	GlobalSection(ProjectConfigurationPlatforms) = postSolution
		{32898F67-6BDE-4633-AA1D-F3DF0D103935}.Debug|Any CPU.ActiveCfg = Debug|Any CPU
		{32898F67-6BDE-4633-AA1D-F3DF0D103935}.Debug|Any CPU.Build.0 = Debug|Any CPU
		{32898F67-6BDE-4633-AA1D-F3DF0D103935}.Release|Any CPU.ActiveCfg = Release|Any CPU
		{32898F67-6BDE-4633-AA1D-F3DF0D103935}.Release|Any CPU.Build.0 = Release|Any CPU
		{2ED36439-76CA-4E6F-BA99-EDCF583DEB00}.Debug|Any CPU.ActiveCfg = Debug|Any CPU
		{2ED36439-76CA-4E6F-BA99-EDCF583DEB00}.Debug|Any CPU.Build.0 = Debug|Any CPU
		{2ED36439-76CA-4E6F-BA99-EDCF583DEB00}.Release|Any CPU.ActiveCfg = Release|Any CPU
		{2ED36439-76CA-4E6F-BA99-EDCF583DEB00}.Release|Any CPU.Build.0 = Release|Any CPU
		{7F8973CF-CC14-4324-B9C7-9C7C530964F6}.Debug|Any CPU.ActiveCfg = Debug|Any CPU
		{7F8973CF-CC14-4324-B9C7-9C7C530964F6}.Debug|Any CPU.Build.0 = Debug|Any CPU
		{7F8973CF-CC14-4324-B9C7-9C7C530964F6}.Release|Any CPU.ActiveCfg = Release|Any CPU
		{7F8973CF-CC14-4324-B9C7-9C7C530964F6}.Release|Any CPU.Build.0 = Release|Any CPU
		{D7E6FE7A-6CD2-41F9-BC0F-9F457CBB8FAF}.Debug|Any CPU.ActiveCfg = Debug|Any CPU
		{D7E6FE7A-6CD2-41F9-BC0F-9F457CBB8FAF}.Debug|Any CPU.Build.0 = Debug|Any CPU
		{D7E6FE7A-6CD2-41F9-BC0F-9F457CBB8FAF}.Release|Any CPU.ActiveCfg = Release|Any CPU
		{D7E6FE7A-6CD2-41F9-BC0F-9F457CBB8FAF}.Release|Any CPU.Build.0 = Release|Any CPU
		{2254347E-0286-492E-BD79-0CF4CD85C787}.Debug|Any CPU.ActiveCfg = Debug|Any CPU
		{2254347E-0286-492E-BD79-0CF4CD85C787}.Debug|Any CPU.Build.0 = Debug|Any CPU
		{2254347E-0286-492E-BD79-0CF4CD85C787}.Release|Any CPU.ActiveCfg = Release|Any CPU
		{2254347E-0286-492E-BD79-0CF4CD85C787}.Release|Any CPU.Build.0 = Release|Any CPU
		{B6BAE3DF-D138-446B-825F-267993F27958}.Debug|Any CPU.ActiveCfg = Debug|Any CPU
		{B6BAE3DF-D138-446B-825F-267993F27958}.Debug|Any CPU.Build.0 = Debug|Any CPU
		{B6BAE3DF-D138-446B-825F-267993F27958}.Release|Any CPU.ActiveCfg = Release|Any CPU
		{B6BAE3DF-D138-446B-825F-267993F27958}.Release|Any CPU.Build.0 = Release|Any CPU
		{D831389D-F3BD-4050-B9C8-B62C90CBB766}.Debug|Any CPU.ActiveCfg = Debug|Any CPU
		{D831389D-F3BD-4050-B9C8-B62C90CBB766}.Debug|Any CPU.Build.0 = Debug|Any CPU
		{D831389D-F3BD-4050-B9C8-B62C90CBB766}.Release|Any CPU.ActiveCfg = Release|Any CPU
		{D831389D-F3BD-4050-B9C8-B62C90CBB766}.Release|Any CPU.Build.0 = Release|Any CPU
		{D447F83E-2B1C-438A-82F8-ABB68CCF136D}.Debug|Any CPU.ActiveCfg = Debug|Any CPU
		{D447F83E-2B1C-438A-82F8-ABB68CCF136D}.Debug|Any CPU.Build.0 = Debug|Any CPU
		{D447F83E-2B1C-438A-82F8-ABB68CCF136D}.Release|Any CPU.ActiveCfg = Release|Any CPU
		{D447F83E-2B1C-438A-82F8-ABB68CCF136D}.Release|Any CPU.Build.0 = Release|Any CPU
		{178D8427-7E5C-4EAB-B6D0-B0777BA474B9}.Debug|Any CPU.ActiveCfg = Debug|Any CPU
		{178D8427-7E5C-4EAB-B6D0-B0777BA474B9}.Debug|Any CPU.Build.0 = Debug|Any CPU
		{178D8427-7E5C-4EAB-B6D0-B0777BA474B9}.Release|Any CPU.ActiveCfg = Release|Any CPU
		{178D8427-7E5C-4EAB-B6D0-B0777BA474B9}.Release|Any CPU.Build.0 = Release|Any CPU
		{8CE10AEF-CD86-47AF-82F3-6A0D20EA443C}.Debug|Any CPU.ActiveCfg = Debug|Any CPU
		{8CE10AEF-CD86-47AF-82F3-6A0D20EA443C}.Debug|Any CPU.Build.0 = Debug|Any CPU
		{8CE10AEF-CD86-47AF-82F3-6A0D20EA443C}.Release|Any CPU.ActiveCfg = Release|Any CPU
		{8CE10AEF-CD86-47AF-82F3-6A0D20EA443C}.Release|Any CPU.Build.0 = Release|Any CPU
		{BF60D11C-18AA-4E96-8120-9C26C7A3B077}.Debug|Any CPU.ActiveCfg = Debug|Any CPU
		{BF60D11C-18AA-4E96-8120-9C26C7A3B077}.Debug|Any CPU.Build.0 = Debug|Any CPU
		{BF60D11C-18AA-4E96-8120-9C26C7A3B077}.Release|Any CPU.ActiveCfg = Release|Any CPU
		{BF60D11C-18AA-4E96-8120-9C26C7A3B077}.Release|Any CPU.Build.0 = Release|Any CPU
		{84C321DC-3AA0-477A-8885-C8B286CFE92F}.Debug|Any CPU.ActiveCfg = Debug|Any CPU
		{84C321DC-3AA0-477A-8885-C8B286CFE92F}.Debug|Any CPU.Build.0 = Debug|Any CPU
		{84C321DC-3AA0-477A-8885-C8B286CFE92F}.Release|Any CPU.ActiveCfg = Release|Any CPU
		{84C321DC-3AA0-477A-8885-C8B286CFE92F}.Release|Any CPU.Build.0 = Release|Any CPU
		{F9F41777-F4B8-478A-A390-A56C2EE2D1EE}.Debug|Any CPU.ActiveCfg = Debug|Any CPU
		{F9F41777-F4B8-478A-A390-A56C2EE2D1EE}.Debug|Any CPU.Build.0 = Debug|Any CPU
		{F9F41777-F4B8-478A-A390-A56C2EE2D1EE}.Release|Any CPU.ActiveCfg = Release|Any CPU
		{F9F41777-F4B8-478A-A390-A56C2EE2D1EE}.Release|Any CPU.Build.0 = Release|Any CPU
		{6BD865AD-5C23-429E-AE21-147F01FDFB9C}.Debug|Any CPU.ActiveCfg = Debug|Any CPU
		{6BD865AD-5C23-429E-AE21-147F01FDFB9C}.Debug|Any CPU.Build.0 = Debug|Any CPU
		{6BD865AD-5C23-429E-AE21-147F01FDFB9C}.Release|Any CPU.ActiveCfg = Release|Any CPU
		{6BD865AD-5C23-429E-AE21-147F01FDFB9C}.Release|Any CPU.Build.0 = Release|Any CPU
		{C3826ADD-BD16-4358-92C5-263F6C21A1DA}.Debug|Any CPU.ActiveCfg = Debug|Any CPU
		{C3826ADD-BD16-4358-92C5-263F6C21A1DA}.Debug|Any CPU.Build.0 = Debug|Any CPU
		{C3826ADD-BD16-4358-92C5-263F6C21A1DA}.Release|Any CPU.ActiveCfg = Release|Any CPU
		{C3826ADD-BD16-4358-92C5-263F6C21A1DA}.Release|Any CPU.Build.0 = Release|Any CPU
		{CF06F8CF-4198-44B1-9DF0-A03B15A79286}.Debug|Any CPU.ActiveCfg = Debug|Any CPU
		{CF06F8CF-4198-44B1-9DF0-A03B15A79286}.Debug|Any CPU.Build.0 = Debug|Any CPU
		{CF06F8CF-4198-44B1-9DF0-A03B15A79286}.Release|Any CPU.ActiveCfg = Release|Any CPU
		{CF06F8CF-4198-44B1-9DF0-A03B15A79286}.Release|Any CPU.Build.0 = Release|Any CPU
		{DD728B87-B19B-4B09-A448-F9CF2B5BEE3D}.Debug|Any CPU.ActiveCfg = Debug|Any CPU
		{DD728B87-B19B-4B09-A448-F9CF2B5BEE3D}.Debug|Any CPU.Build.0 = Debug|Any CPU
		{DD728B87-B19B-4B09-A448-F9CF2B5BEE3D}.Release|Any CPU.ActiveCfg = Release|Any CPU
		{DD728B87-B19B-4B09-A448-F9CF2B5BEE3D}.Release|Any CPU.Build.0 = Release|Any CPU
		{84A4428F-3EA2-4768-86DE-D63ACB052F7C}.Debug|Any CPU.ActiveCfg = Debug|Any CPU
		{84A4428F-3EA2-4768-86DE-D63ACB052F7C}.Debug|Any CPU.Build.0 = Debug|Any CPU
		{84A4428F-3EA2-4768-86DE-D63ACB052F7C}.Release|Any CPU.ActiveCfg = Release|Any CPU
		{84A4428F-3EA2-4768-86DE-D63ACB052F7C}.Release|Any CPU.Build.0 = Release|Any CPU
		{4A129640-9D1D-4C0F-9DAD-AEE73C1D4BF8}.Debug|Any CPU.ActiveCfg = Debug|Any CPU
		{4A129640-9D1D-4C0F-9DAD-AEE73C1D4BF8}.Debug|Any CPU.Build.0 = Debug|Any CPU
		{4A129640-9D1D-4C0F-9DAD-AEE73C1D4BF8}.Release|Any CPU.ActiveCfg = Release|Any CPU
		{4A129640-9D1D-4C0F-9DAD-AEE73C1D4BF8}.Release|Any CPU.Build.0 = Release|Any CPU
		{140346DC-4F27-474B-91B5-E851BFBA3C5E}.Debug|Any CPU.ActiveCfg = Debug|Any CPU
		{140346DC-4F27-474B-91B5-E851BFBA3C5E}.Debug|Any CPU.Build.0 = Debug|Any CPU
		{140346DC-4F27-474B-91B5-E851BFBA3C5E}.Release|Any CPU.ActiveCfg = Release|Any CPU
		{140346DC-4F27-474B-91B5-E851BFBA3C5E}.Release|Any CPU.Build.0 = Release|Any CPU
		{C0EC95CF-36F0-4972-90D4-5CAE19DBECCB}.Debug|Any CPU.ActiveCfg = Debug|Any CPU
		{C0EC95CF-36F0-4972-90D4-5CAE19DBECCB}.Debug|Any CPU.Build.0 = Debug|Any CPU
		{C0EC95CF-36F0-4972-90D4-5CAE19DBECCB}.Release|Any CPU.ActiveCfg = Release|Any CPU
		{C0EC95CF-36F0-4972-90D4-5CAE19DBECCB}.Release|Any CPU.Build.0 = Release|Any CPU
		{CE072C6B-BD15-451B-9B66-8A87BB76ECB9}.Debug|Any CPU.ActiveCfg = Debug|Any CPU
		{CE072C6B-BD15-451B-9B66-8A87BB76ECB9}.Debug|Any CPU.Build.0 = Debug|Any CPU
		{CE072C6B-BD15-451B-9B66-8A87BB76ECB9}.Release|Any CPU.ActiveCfg = Release|Any CPU
		{CE072C6B-BD15-451B-9B66-8A87BB76ECB9}.Release|Any CPU.Build.0 = Release|Any CPU
		{A8A9EF2F-8586-42EE-A034-F5F9A909CF18}.Debug|Any CPU.ActiveCfg = Debug|Any CPU
		{A8A9EF2F-8586-42EE-A034-F5F9A909CF18}.Debug|Any CPU.Build.0 = Debug|Any CPU
		{A8A9EF2F-8586-42EE-A034-F5F9A909CF18}.Release|Any CPU.ActiveCfg = Release|Any CPU
		{A8A9EF2F-8586-42EE-A034-F5F9A909CF18}.Release|Any CPU.Build.0 = Release|Any CPU
		{E4B901D9-8BDC-4D01-A9B3-2F6702ECA7BC}.Debug|Any CPU.ActiveCfg = Debug|Any CPU
		{E4B901D9-8BDC-4D01-A9B3-2F6702ECA7BC}.Debug|Any CPU.Build.0 = Debug|Any CPU
		{E4B901D9-8BDC-4D01-A9B3-2F6702ECA7BC}.Release|Any CPU.ActiveCfg = Release|Any CPU
		{E4B901D9-8BDC-4D01-A9B3-2F6702ECA7BC}.Release|Any CPU.Build.0 = Release|Any CPU
		{1E43EA8C-5994-4CF4-91F8-80E8EE2FEE19}.Debug|Any CPU.ActiveCfg = Debug|Any CPU
		{1E43EA8C-5994-4CF4-91F8-80E8EE2FEE19}.Debug|Any CPU.Build.0 = Debug|Any CPU
		{1E43EA8C-5994-4CF4-91F8-80E8EE2FEE19}.Release|Any CPU.ActiveCfg = Release|Any CPU
		{1E43EA8C-5994-4CF4-91F8-80E8EE2FEE19}.Release|Any CPU.Build.0 = Release|Any CPU
		{A78B7974-9320-4324-8859-61E727997406}.Debug|Any CPU.ActiveCfg = Debug|Any CPU
		{A78B7974-9320-4324-8859-61E727997406}.Debug|Any CPU.Build.0 = Debug|Any CPU
		{A78B7974-9320-4324-8859-61E727997406}.Release|Any CPU.ActiveCfg = Release|Any CPU
		{A78B7974-9320-4324-8859-61E727997406}.Release|Any CPU.Build.0 = Release|Any CPU
		{9EF1559F-493F-4BBA-922D-12F47CA5692C}.Debug|Any CPU.ActiveCfg = Debug|Any CPU
		{9EF1559F-493F-4BBA-922D-12F47CA5692C}.Debug|Any CPU.Build.0 = Debug|Any CPU
		{9EF1559F-493F-4BBA-922D-12F47CA5692C}.Release|Any CPU.ActiveCfg = Release|Any CPU
		{9EF1559F-493F-4BBA-922D-12F47CA5692C}.Release|Any CPU.Build.0 = Release|Any CPU
		{320CA635-D64F-46FC-9B6D-A403812B3EAA}.Debug|Any CPU.ActiveCfg = Debug|Any CPU
		{320CA635-D64F-46FC-9B6D-A403812B3EAA}.Debug|Any CPU.Build.0 = Debug|Any CPU
		{320CA635-D64F-46FC-9B6D-A403812B3EAA}.Release|Any CPU.ActiveCfg = Release|Any CPU
		{320CA635-D64F-46FC-9B6D-A403812B3EAA}.Release|Any CPU.Build.0 = Release|Any CPU
		{46B4E628-ACCC-4C9D-82C3-8F0CE9163A56}.Debug|Any CPU.ActiveCfg = Debug|Any CPU
		{46B4E628-ACCC-4C9D-82C3-8F0CE9163A56}.Debug|Any CPU.Build.0 = Debug|Any CPU
		{46B4E628-ACCC-4C9D-82C3-8F0CE9163A56}.Release|Any CPU.ActiveCfg = Release|Any CPU
		{46B4E628-ACCC-4C9D-82C3-8F0CE9163A56}.Release|Any CPU.Build.0 = Release|Any CPU
		{E304997B-A2FA-449F-8BCD-71781A5AD148}.Debug|Any CPU.ActiveCfg = Debug|Any CPU
		{E304997B-A2FA-449F-8BCD-71781A5AD148}.Debug|Any CPU.Build.0 = Debug|Any CPU
		{E304997B-A2FA-449F-8BCD-71781A5AD148}.Release|Any CPU.ActiveCfg = Release|Any CPU
		{E304997B-A2FA-449F-8BCD-71781A5AD148}.Release|Any CPU.Build.0 = Release|Any CPU
		{8010B5A4-3838-470B-B77C-9A23C108C783}.Debug|Any CPU.ActiveCfg = Debug|Any CPU
		{8010B5A4-3838-470B-B77C-9A23C108C783}.Debug|Any CPU.Build.0 = Debug|Any CPU
		{8010B5A4-3838-470B-B77C-9A23C108C783}.Release|Any CPU.ActiveCfg = Release|Any CPU
		{8010B5A4-3838-470B-B77C-9A23C108C783}.Release|Any CPU.Build.0 = Release|Any CPU
	EndGlobalSection
	GlobalSection(SolutionProperties) = preSolution
		HideSolutionNode = FALSE
	EndGlobalSection
	GlobalSection(NestedProjects) = preSolution
		{32898F67-6BDE-4633-AA1D-F3DF0D103935} = {F5AE1B03-9999-4DD5-A224-BECA576E19DA}
		{2ED36439-76CA-4E6F-BA99-EDCF583DEB00} = {F5AE1B03-9999-4DD5-A224-BECA576E19DA}
		{7F8973CF-CC14-4324-B9C7-9C7C530964F6} = {5FEEDE8E-6C20-43AC-8EBF-E15F97425AFF}
		{D7E6FE7A-6CD2-41F9-BC0F-9F457CBB8FAF} = {5FEEDE8E-6C20-43AC-8EBF-E15F97425AFF}
		{2254347E-0286-492E-BD79-0CF4CD85C787} = {5FEEDE8E-6C20-43AC-8EBF-E15F97425AFF}
		{DC661243-A99C-4D8C-A5BF-757648E09477} = {3D7EE420-E97D-459C-9DAC-48EFD8499B94}
		{B6BAE3DF-D138-446B-825F-267993F27958} = {DC661243-A99C-4D8C-A5BF-757648E09477}
		{D831389D-F3BD-4050-B9C8-B62C90CBB766} = {DC661243-A99C-4D8C-A5BF-757648E09477}
		{D447F83E-2B1C-438A-82F8-ABB68CCF136D} = {DC661243-A99C-4D8C-A5BF-757648E09477}
		{178D8427-7E5C-4EAB-B6D0-B0777BA474B9} = {DC661243-A99C-4D8C-A5BF-757648E09477}
		{8CE10AEF-CD86-47AF-82F3-6A0D20EA443C} = {DC661243-A99C-4D8C-A5BF-757648E09477}
		{BF60D11C-18AA-4E96-8120-9C26C7A3B077} = {DC661243-A99C-4D8C-A5BF-757648E09477}
		{84C321DC-3AA0-477A-8885-C8B286CFE92F} = {DC661243-A99C-4D8C-A5BF-757648E09477}
		{F9F41777-F4B8-478A-A390-A56C2EE2D1EE} = {DC661243-A99C-4D8C-A5BF-757648E09477}
		{6BD865AD-5C23-429E-AE21-147F01FDFB9C} = {DC661243-A99C-4D8C-A5BF-757648E09477}
		{C3826ADD-BD16-4358-92C5-263F6C21A1DA} = {DC661243-A99C-4D8C-A5BF-757648E09477}
		{CF06F8CF-4198-44B1-9DF0-A03B15A79286} = {DC661243-A99C-4D8C-A5BF-757648E09477}
		{6E83A517-D554-4323-B7D2-8A57FFFDB427} = {3D7EE420-E97D-459C-9DAC-48EFD8499B94}
		{DD728B87-B19B-4B09-A448-F9CF2B5BEE3D} = {6E83A517-D554-4323-B7D2-8A57FFFDB427}
		{84A4428F-3EA2-4768-86DE-D63ACB052F7C} = {6E83A517-D554-4323-B7D2-8A57FFFDB427}
		{4A129640-9D1D-4C0F-9DAD-AEE73C1D4BF8} = {3D7EE420-E97D-459C-9DAC-48EFD8499B94}
		{5FEEDE8E-6C20-43AC-8EBF-E15F97425AFF} = {3D7EE420-E97D-459C-9DAC-48EFD8499B94}
		{140346DC-4F27-474B-91B5-E851BFBA3C5E} = {5FEEDE8E-6C20-43AC-8EBF-E15F97425AFF}
		{C0EC95CF-36F0-4972-90D4-5CAE19DBECCB} = {5FEEDE8E-6C20-43AC-8EBF-E15F97425AFF}
		{CE072C6B-BD15-451B-9B66-8A87BB76ECB9} = {6E83A517-D554-4323-B7D2-8A57FFFDB427}
		{A8A9EF2F-8586-42EE-A034-F5F9A909CF18} = {6E83A517-D554-4323-B7D2-8A57FFFDB427}
		{E4B901D9-8BDC-4D01-A9B3-2F6702ECA7BC} = {3D7EE420-E97D-459C-9DAC-48EFD8499B94}
		{1E43EA8C-5994-4CF4-91F8-80E8EE2FEE19} = {6E83A517-D554-4323-B7D2-8A57FFFDB427}
		{77599823-F453-4420-AE74-800DB748C314} = {3D7EE420-E97D-459C-9DAC-48EFD8499B94}
		{A78B7974-9320-4324-8859-61E727997406} = {77599823-F453-4420-AE74-800DB748C314}
		{9EF1559F-493F-4BBA-922D-12F47CA5692C} = {77599823-F453-4420-AE74-800DB748C314}
		{320CA635-D64F-46FC-9B6D-A403812B3EAA} = {D4F80B27-FB36-4771-930B-5BACA9466F43}
		{46B4E628-ACCC-4C9D-82C3-8F0CE9163A56} = {D4F80B27-FB36-4771-930B-5BACA9466F43}
		{E304997B-A2FA-449F-8BCD-71781A5AD148} = {D4F80B27-FB36-4771-930B-5BACA9466F43}
		{8010B5A4-3838-470B-B77C-9A23C108C783} = {77599823-F453-4420-AE74-800DB748C314}
	EndGlobalSection
	GlobalSection(ExtensibilityGlobals) = postSolution
		SolutionGuid = {3C49BFFF-C38B-4EE4-8BEC-21AA3444C9DD}
	EndGlobalSection
EndGlobal
