
Microsoft Visual Studio Solution File, Format Version 12.00
# Visual Studio 15
VisualStudioVersion = 15.0.27703.2000
MinimumVisualStudioVersion = 10.0.40219.1
Project("{2150E333-8FDC-42A3-9474-1A3956D46DE8}") = "值类型", "值类型", "{F5AE1B03-9999-4DD5-A224-BECA576E19DA}"
EndProject
Project("{FAE04EC0-301F-11D3-BF4B-00C04F79EFBC}") = "A01类型表", "A01类型表\A01类型表.csproj", "{32898F67-6BDE-4633-AA1D-F3DF0D103935}"
EndProject
Project("{FAE04EC0-301F-11D3-BF4B-00C04F79EFBC}") = "A02类型转换", "A02类型转换\A02类型转换.csproj", "{2ED36439-76CA-4E6F-BA99-EDCF583DEB00}"
EndProject
Project("{FAE04EC0-301F-11D3-BF4B-00C04F79EFBC}") = "A03数值转换成字符串", "A03数值转换成字符串\A03数值转换成字符串.csproj", "{7F8973CF-CC14-4324-B9C7-9C7C530964F6}"
EndProject
Project("{FAE04EC0-301F-11D3-BF4B-00C04F79EFBC}") = "A04字符串转换数值", "A04字符串转换数值\A04字符串转换数值.csproj", "{D7E6FE7A-6CD2-41F9-BC0F-9F457CBB8FAF}"
EndProject
Project("{FAE04EC0-301F-11D3-BF4B-00C04F79EFBC}") = "A05判断字符串是否表示数值", "A05判断字符串是否表示数值\A05判断字符串是否表示数值.csproj", "{2254347E-0286-492E-BD79-0CF4CD85C787}"
EndProject
Project("{2150E333-8FDC-42A3-9474-1A3956D46DE8}") = "引用类型", "引用类型", "{3D7EE420-E97D-459C-9DAC-48EFD8499B94}"
EndProject
Project("{2150E333-8FDC-42A3-9474-1A3956D46DE8}") = "修饰符", "修饰符", "{CB79CAB6-A1C9-4555-B5D0-94F75212ED64}"
EndProject
Project("{2150E333-8FDC-42A3-9474-1A3956D46DE8}") = "数组", "数组", "{DC661243-A99C-4D8C-A5BF-757648E09477}"
EndProject
Project("{FAE04EC0-301F-11D3-BF4B-00C04F79EFBC}") = "A01使用 Rank 属性显示数组的维数", "A01使用 Rank 属性显示数组的维数\A01使用 Rank 属性显示数组的维数.csproj", "{B6BAE3DF-D138-446B-825F-267993F27958}"
EndProject
Project("{FAE04EC0-301F-11D3-BF4B-00C04F79EFBC}") = "A01一维数组", "A01一维数组\A01一维数组.csproj", "{D831389D-F3BD-4050-B9C8-B62C90CBB766}"
EndProject
Project("{FAE04EC0-301F-11D3-BF4B-00C04F79EFBC}") = "A02多维数组", "A02多维数组\A02多维数组.csproj", "{D447F83E-2B1C-438A-82F8-ABB68CCF136D}"
EndProject
Project("{FAE04EC0-301F-11D3-BF4B-00C04F79EFBC}") = "A03交错数组", "A03交错数组\A03交错数组.csproj", "{178D8427-7E5C-4EAB-B6D0-B0777BA474B9}"
EndProject
Project("{FAE04EC0-301F-11D3-BF4B-00C04F79EFBC}") = "A01数组使用 foreach", "A01数组使用 foreach\A01数组使用 foreach.csproj", "{8CE10AEF-CD86-47AF-82F3-6A0D20EA443C}"
EndProject
Project("{FAE04EC0-301F-11D3-BF4B-00C04F79EFBC}") = "A04将一维数组作为参数传递", "A04将一维数组作为参数传递\A04将一维数组作为参数传递.csproj", "{BF60D11C-18AA-4E96-8120-9C26C7A3B077}"
EndProject
Project("{FAE04EC0-301F-11D3-BF4B-00C04F79EFBC}") = "A05将多维数组作为参数传递", "A05将多维数组作为参数传递\A05将多维数组作为参数传递.csproj", "{84C321DC-3AA0-477A-8885-C8B286CFE92F}"
EndProject
Project("{FAE04EC0-301F-11D3-BF4B-00C04F79EFBC}") = "A01ArrayTest", "A01ArrayTest\A01ArrayTest.csproj", "{F9F41777-F4B8-478A-A390-A56C2EE2D1EE}"
EndProject
Project("{FAE04EC0-301F-11D3-BF4B-00C04F79EFBC}") = "A06使用 out 传递数组", "A06使用 out 传递数组\A06使用 out 传递数组.csproj", "{6BD865AD-5C23-429E-AE21-147F01FDFB9C}"
EndProject
Project("{FAE04EC0-301F-11D3-BF4B-00C04F79EFBC}") = "A07使用 ref 传递数组", "A07使用 ref 传递数组\A07使用 ref 传递数组.csproj", "{C3826ADD-BD16-4358-92C5-263F6C21A1DA}"
EndProject
Project("{FAE04EC0-301F-11D3-BF4B-00C04F79EFBC}") = "A09隐式类型的数组", "A09隐式类型的数组\A09隐式类型的数组.csproj", "{CF06F8CF-4198-44B1-9DF0-A03B15A79286}"
EndProject
Project("{2150E333-8FDC-42A3-9474-1A3956D46DE8}") = "类和结构", "类和结构", "{6E83A517-D554-4323-B7D2-8A57FFFDB427}"
EndProject
Project("{FAE04EC0-301F-11D3-BF4B-00C04F79EFBC}") = "A01类的基本语法", "A01类的基本语法\A01类的基本语法.csproj", "{DD728B87-B19B-4B09-A448-F9CF2B5BEE3D}"
EndProject
Project("{FAE04EC0-301F-11D3-BF4B-00C04F79EFBC}") = "A01类的基本语法Test", "A01类的基本语法Test\A01类的基本语法Test.csproj", "{84A4428F-3EA2-4768-86DE-D63ACB052F7C}"
EndProject
Project("{FAE04EC0-301F-11D3-BF4B-00C04F79EFBC}") = "A01装箱和取消装箱", "A01装箱和取消装箱\A01装箱和取消装箱.csproj", "{4A129640-9D1D-4C0F-9DAD-AEE73C1D4BF8}"
EndProject
Project("{2150E333-8FDC-42A3-9474-1A3956D46DE8}") = "字符串", "字符串", "{5FEEDE8E-6C20-43AC-8EBF-E15F97425AFF}"
EndProject
Project("{FAE04EC0-301F-11D3-BF4B-00C04F79EFBC}") = "A01截取字符串", "A01截取字符串\A01截取字符串.csproj", "{140346DC-4F27-474B-91B5-E851BFBA3C5E}"
EndProject
Project("{FAE04EC0-301F-11D3-BF4B-00C04F79EFBC}") = "A02查找字符串字符位置", "A02查找字符串字符位置\A02查找字符串字符位置.csproj", "{C0EC95CF-36F0-4972-90D4-5CAE19DBECCB}"
EndProject
Project("{FAE04EC0-301F-11D3-BF4B-00C04F79EFBC}") = "A02类的析构函数", "A02类的析构函数\A02类的析构函数.csproj", "{CE072C6B-BD15-451B-9B66-8A87BB76ECB9}"
EndProject
Project("{FAE04EC0-301F-11D3-BF4B-00C04F79EFBC}") = "A03类的继承", "A03类的继承\A03类的继承.csproj", "{A8A9EF2F-8586-42EE-A034-F5F9A909CF18}"
EndProject
Project("{FAE04EC0-301F-11D3-BF4B-00C04F79EFBC}") = "A02里氏转换", "A02里氏转换\A02里氏转换.csproj", "{E4B901D9-8BDC-4D01-A9B3-2F6702ECA7BC}"
EndProject
Project("{FAE04EC0-301F-11D3-BF4B-00C04F79EFBC}") = "A04只允许子类访问修饰符", "A04只允许子类访问修饰符\A04只允许子类访问修饰符.csproj", "{1E43EA8C-5994-4CF4-91F8-80E8EE2FEE19}"
EndProject
Project("{2150E333-8FDC-42A3-9474-1A3956D46DE8}") = "集合", "集合", "{77599823-F453-4420-AE74-800DB748C314}"
EndProject
Project("{FAE04EC0-301F-11D3-BF4B-00C04F79EFBC}") = "A01ArrayList集合", "A01ArrayList集合\A01ArrayList集合.csproj", "{A78B7974-9320-4324-8859-61E727997406}"
EndProject
Project("{FAE04EC0-301F-11D3-BF4B-00C04F79EFBC}") = "A02HashTable键值对集合", "A02HashTable键值对集合\A02HashTable键值对集合.csproj", "{9EF1559F-493F-4BBA-922D-12F47CA5692C}"
EndProject
Project("{2150E333-8FDC-42A3-9474-1A3956D46DE8}") = "文件管理", "文件管理", "{D4F80B27-FB36-4771-930B-5BACA9466F43}"
EndProject
Project("{FAE04EC0-301F-11D3-BF4B-00C04F79EFBC}") = "A01PATH类", "A01PATH类\A01PATH类.csproj", "{320CA635-D64F-46FC-9B6D-A403812B3EAA}"
EndProject
Project("{FAE04EC0-301F-11D3-BF4B-00C04F79EFBC}") = "A02File类", "A02File类\A02File类.csproj", "{46B4E628-ACCC-4C9D-82C3-8F0CE9163A56}"
EndProject
Project("{2150E333-8FDC-42A3-9474-1A3956D46DE8}") = "编码转换", "编码转换", "{7F5D2E8B-E959-49F2-8B7F-AD4C6EB9D3F7}"
EndProject
Project("{FAE04EC0-301F-11D3-BF4B-00C04F79EFBC}") = "A03File二进制读写", "A03File二进制读写\A03File二进制读写.csproj", "{E304997B-A2FA-449F-8BCD-71781A5AD148}"
EndProject
Project("{FAE04EC0-301F-11D3-BF4B-00C04F79EFBC}") = "A03List泛型集合", "A03List泛型集合\A03List泛型集合.csproj", "{8010B5A4-3838-470B-B77C-9A23C108C783}"
EndProject
Project("{2150E333-8FDC-42A3-9474-1A3956D46DE8}") = "拆装箱", "拆装箱", "{77B7FBB6-2BFE-4FF6-9E9E-2BFE36C65292}"
EndProject
Project("{FAE04EC0-301F-11D3-BF4B-00C04F79EFBC}") = "A01什么是拆装箱", "A01什么是拆装箱\A01什么是拆装箱.csproj", "{7D9141E3-37FE-49E6-89EB-355B76BE7A27}"
EndProject
Project("{2150E333-8FDC-42A3-9474-1A3956D46DE8}") = "面向对象", "面向对象", "{3D61E159-4A7B-48E9-8513-87E0B945134D}"
EndProject
Project("{FAE04EC0-301F-11D3-BF4B-00C04F79EFBC}") = "A01多态虚方法", "A01多态虚方法\A01多态虚方法.csproj", "{32E0FBC3-5BF0-4E9E-84FE-5705B3E0C217}"
EndProject
Project("{FAE04EC0-301F-11D3-BF4B-00C04F79EFBC}") = "A02多态抽象类", "A02多态抽象类\A02多态抽象类.csproj", "{A4A25EB1-B40E-41D6-86CC-4413BA1736DE}"
EndProject
Project("{FAE04EC0-301F-11D3-BF4B-00C04F79EFBC}") = "A01虚方法练习一", "A01虚方法练习一\A01虚方法练习一.csproj", "{82A37532-6E04-4AC7-B238-74F2C9EA4229}"
EndProject
Project("{FAE04EC0-301F-11D3-BF4B-00C04F79EFBC}") = "A02抽象类练习一", "A02抽象类练习一\A02抽象类练习一.csproj", "{481EDB9D-8D00-48FF-AEA0-E2FA573E5F62}"
EndProject
Project("{FAE04EC0-301F-11D3-BF4B-00C04F79EFBC}") = "A03抽象类模拟移动设备", "A03抽象类模拟移动设备\A03抽象类模拟移动设备.csproj", "{2E06AB8F-6988-46F6-A060-B4DB676B4D4F}"
EndProject
Project("{FAE04EC0-301F-11D3-BF4B-00C04F79EFBC}") = "A04Dictionary泛型集合", "A04Dictionary泛型集合\A04Dictionary泛型集合.csproj", "{6EEB1846-1C5E-403F-A6A3-E1695796AF44}"
EndProject
Project("{2150E333-8FDC-42A3-9474-1A3956D46DE8}") = "设计模式", "设计模式", "{73EBDC84-5F92-4B3A-A7DB-8EE7EA133291}"
EndProject
Project("{2150E333-8FDC-42A3-9474-1A3956D46DE8}") = "创建型", "创建型", "{EB853FED-1B8D-4467-97C2-D4574D6DC7A1}"
EndProject
Project("{2150E333-8FDC-42A3-9474-1A3956D46DE8}") = "结构型", "结构型", "{89C9E965-2E5F-451B-B5AD-C06E8CDED0D2}"
EndProject
Project("{2150E333-8FDC-42A3-9474-1A3956D46DE8}") = "行为型", "行为型", "{29D575D7-48D6-4967-9307-95CF8C45D78F}"
EndProject
Project("{FAE04EC0-301F-11D3-BF4B-00C04F79EFBC}") = "A01单件模式", "A01单件模式\A01单件模式.csproj", "{5FF7E338-8F4D-4B66-BE1A-D7B6B67FB806}"
EndProject
Project("{FAE04EC0-301F-11D3-BF4B-00C04F79EFBC}") = "A02抽象工厂", "A02抽象工厂\A02抽象工厂.csproj", "{00E3BC94-0BF7-4EED-B590-3FD1D46462D3}"
EndProject
Project("{FAE04EC0-301F-11D3-BF4B-00C04F79EFBC}") = "A03建造者模式", "A03建造者模式\A03建造者模式.csproj", "{D7DE0F91-8CF8-420F-8149-45D3DCEBE979}"
EndProject
Project("{FAE04EC0-301F-11D3-BF4B-00C04F79EFBC}") = "A04工厂方法模式", "A04工厂方法模式\A04工厂方法模式.csproj", "{1CEE5359-28F9-4CF7-B6C9-715CB767D600}"
EndProject
Project("{FAE04EC0-301F-11D3-BF4B-00C04F79EFBC}") = "A05原型模式", "A05原型模式\A05原型模式.csproj", "{2A9183AC-0588-47FC-AD83-7EC338892BA2}"
EndProject
Project("{FAE04EC0-301F-11D3-BF4B-00C04F79EFBC}") = "A01适配器模式", "A01适配器模式\A01适配器模式.csproj", "{9D1903DE-E095-403F-ABF1-D5EACB9E8102}"
EndProject
Project("{FAE04EC0-301F-11D3-BF4B-00C04F79EFBC}") = "A02桥接模式", "A02桥接模式\A02桥接模式.csproj", "{CDA59F1F-8999-4F4B-A968-4C6CF420C36C}"
EndProject
Project("{FAE04EC0-301F-11D3-BF4B-00C04F79EFBC}") = "A03装饰模式", "A03装饰模式\A03装饰模式.csproj", "{0036B170-5314-4191-9931-AB5540DF8EB0}"
EndProject
Project("{FAE04EC0-301F-11D3-BF4B-00C04F79EFBC}") = "A04组合模式", "A04组合模式\A04组合模式.csproj", "{4445D7F5-E9D3-4D0B-9E20-7A03796F3F27}"
EndProject
Project("{FAE04EC0-301F-11D3-BF4B-00C04F79EFBC}") = "A05外观模式", "A05外观模式\A05外观模式.csproj", "{6ACACF6E-86E3-4FCA-906F-AA1FDBE96BC8}"
EndProject
Project("{FAE04EC0-301F-11D3-BF4B-00C04F79EFBC}") = "A06享元模式", "A06享元模式\A06享元模式.csproj", "{DD5366A6-A9A5-4919-A087-773C608B42C1}"
EndProject
Project("{FAE04EC0-301F-11D3-BF4B-00C04F79EFBC}") = "A07代理模式", "A07代理模式\A07代理模式.csproj", "{A33762C1-D77B-45BE-BE3D-8E29202B0971}"
EndProject
Project("{FAE04EC0-301F-11D3-BF4B-00C04F79EFBC}") = "A01模板方法", "A01模板方法\A01模板方法.csproj", "{31E05676-4377-47D3-ABF5-AE112BD7E6A8}"
EndProject
Project("{FAE04EC0-301F-11D3-BF4B-00C04F79EFBC}") = "A02命令模式", "A02命令模式\A02命令模式.csproj", "{4B06D64B-3E98-4AD7-9586-CC09DBCFB036}"
EndProject
Project("{FAE04EC0-301F-11D3-BF4B-00C04F79EFBC}") = "A03迭代器模式", "A03迭代器模式\A03迭代器模式.csproj", "{D89F4E86-B364-4AAA-B7A7-006535EB15BB}"
EndProject
Project("{FAE04EC0-301F-11D3-BF4B-00C04F79EFBC}") = "A04观察者模式", "A04观察者模式\A04观察者模式.csproj", "{940F0707-3790-491F-87C4-9697A74C9BB9}"
EndProject
Project("{FAE04EC0-301F-11D3-BF4B-00C04F79EFBC}") = "A05解释器模式", "A05解释器模式\A05解释器模式.csproj", "{F8EA9F4C-644F-4846-945E-B513FFC78099}"
EndProject
Project("{FAE04EC0-301F-11D3-BF4B-00C04F79EFBC}") = "A06中介者模式", "A06中介者模式\A06中介者模式.csproj", "{36C0DB0B-B36D-4342-893C-8E889CB25553}"
EndProject
Project("{FAE04EC0-301F-11D3-BF4B-00C04F79EFBC}") = "A07职责链模式", "A07职责链模式\A07职责链模式.csproj", "{5F7297FC-495D-4776-9491-4F82C48D044C}"
EndProject
Project("{FAE04EC0-301F-11D3-BF4B-00C04F79EFBC}") = "A08备忘录模式", "A08备忘录模式\A08备忘录模式.csproj", "{5B329EFC-CA3C-4229-8209-D61C02D0FC07}"
EndProject
Project("{FAE04EC0-301F-11D3-BF4B-00C04F79EFBC}") = "A09策略模式", "A09策略模式\A09策略模式.csproj", "{CEAB06C6-6230-4AF4-854E-59E0B626D26A}"
EndProject
Project("{FAE04EC0-301F-11D3-BF4B-00C04F79EFBC}") = "A10访问者模式", "A10访问者模式\A10访问者模式.csproj", "{84AB41DC-4F18-44B7-90DA-E701D4B72EDE}"
EndProject
Project("{FAE04EC0-301F-11D3-BF4B-00C04F79EFBC}") = "A11状态模式", "A11状态模式\A11状态模式.csproj", "{44BE88FB-0206-4407-8B91-04E3DE55F595}"
EndProject
Project("{2150E333-8FDC-42A3-9474-1A3956D46DE8}") = "练习", "练习", "{79CFF9D7-E089-4FB7-BEA6-33952F075D40}"
EndProject
Project("{FAE04EC0-301F-11D3-BF4B-00C04F79EFBC}") = "A01简单工厂模式", "A01简单工厂模式\A01简单工厂模式.csproj", "{4037E730-8D6C-4222-91A6-8D74804C9667}"
EndProject
Project("{FAE04EC0-301F-11D3-BF4B-00C04F79EFBC}") = "A04FileStream文件流读写", "A04FileStream文件流读写\A04FileStream文件流读写.csproj", "{7F2AE5FD-B8DB-44BA-B198-468BAF01429E}"
EndProject
Project("{FAE04EC0-301F-11D3-BF4B-00C04F79EFBC}") = "A05FileStream文件流读写", "A05FileStream文件流读写\A05FileStream文件流读写.csproj", "{ED287769-6068-4407-86AD-74DF24F2D4A5}"
EndProject
Project("{FAE04EC0-301F-11D3-BF4B-00C04F79EFBC}") = "A06FileStream文件流读写", "A06FileStream文件流读写\A06FileStream文件流读写.csproj", "{EC7AA622-A088-4266-A924-1EEF510E26C4}"
EndProject
Project("{2150E333-8FDC-42A3-9474-1A3956D46DE8}") = "序列化", "序列化", "{2A954888-836F-4C71-A19D-911C5BCDFB3F}"
EndProject
Project("{FAE04EC0-301F-11D3-BF4B-00C04F79EFBC}") = "A01序列化", "A01序列化\A01序列化.csproj", "{9835F25E-34D3-499C-BE87-4CCA53AC4241}"
EndProject
Project("{FAE04EC0-301F-11D3-BF4B-00C04F79EFBC}") = "A03多态接口", "A03多态接口\A03多态接口.csproj", "{8D936D8A-29C0-47CE-B3B0-40D9917859F7}"
EndProject
Project("{FAE04EC0-301F-11D3-BF4B-00C04F79EFBC}") = "A03多态接口练习一", "A03多态接口练习一\A03多态接口练习一.csproj", "{0C38866C-4B98-4FD8-9421-BB8B8A37F6C0}"
EndProject
Project("{FAE04EC0-301F-11D3-BF4B-00C04F79EFBC}") = "A04多态显示接口", "A04多态显示接口\A04多态显示接口.csproj", "{DFDA8376-DAE1-42CA-A95F-09BD119E559C}"
EndProject
Project("{FAE04EC0-301F-11D3-BF4B-00C04F79EFBC}") = "A01MD5加密", "A01MD5加密\A01MD5加密.csproj", "{F5E17FBF-D340-4D9D-936B-F2485E364A21}"
EndProject
Project("{2150E333-8FDC-42A3-9474-1A3956D46DE8}") = "WinForm", "WinForm", "{95C3D3F9-5A22-43D0-83E6-637E1A9CD384}"
EndProject
Project("{2150E333-8FDC-42A3-9474-1A3956D46DE8}") = "Socket", "Socket", "{E28B7AD3-1233-4ABF-9996-04CED0012178}"
EndProject
Project("{FAE04EC0-301F-11D3-BF4B-00C04F79EFBC}") = "A01SocketClient", "A01SocketClient\A01SocketClient.csproj", "{A444D42C-46E4-48D5-8475-D31AC093E410}"
EndProject
Project("{FAE04EC0-301F-11D3-BF4B-00C04F79EFBC}") = "A02SocketServer", "A02SocketServer\A02SocketServer.csproj", "{5558394E-380A-4D1A-B5C1-9D90E90EC147}"
EndProject
Project("{FAE04EC0-301F-11D3-BF4B-00C04F79EFBC}") = "单例模式", "单例模式\单例模式.csproj", "{1D62B424-B348-4C22-B9A5-B0ADA95C557E}"
EndProject
Project("{FAE04EC0-301F-11D3-BF4B-00C04F79EFBC}") = "A01继承", "A01继承\A01继承.csproj", "{F7B56CFB-9868-45A8-BA69-418812B306B6}"
EndProject
Global
	GlobalSection(SolutionConfigurationPlatforms) = preSolution
		Debug|Any CPU = Debug|Any CPU
		Release|Any CPU = Release|Any CPU
	EndGlobalSection
	GlobalSection(ProjectConfigurationPlatforms) = postSolution
		{32898F67-6BDE-4633-AA1D-F3DF0D103935}.Debug|Any CPU.ActiveCfg = Debug|Any CPU
		{32898F67-6BDE-4633-AA1D-F3DF0D103935}.Debug|Any CPU.Build.0 = Debug|Any CPU
		{32898F67-6BDE-4633-AA1D-F3DF0D103935}.Release|Any CPU.ActiveCfg = Release|Any CPU
		{32898F67-6BDE-4633-AA1D-F3DF0D103935}.Release|Any CPU.Build.0 = Release|Any CPU
		{2ED36439-76CA-4E6F-BA99-EDCF583DEB00}.Debug|Any CPU.ActiveCfg = Debug|Any CPU
		{2ED36439-76CA-4E6F-BA99-EDCF583DEB00}.Debug|Any CPU.Build.0 = Debug|Any CPU
		{2ED36439-76CA-4E6F-BA99-EDCF583DEB00}.Release|Any CPU.ActiveCfg = Release|Any CPU
		{2ED36439-76CA-4E6F-BA99-EDCF583DEB00}.Release|Any CPU.Build.0 = Release|Any CPU
		{7F8973CF-CC14-4324-B9C7-9C7C530964F6}.Debug|Any CPU.ActiveCfg = Debug|Any CPU
		{7F8973CF-CC14-4324-B9C7-9C7C530964F6}.Debug|Any CPU.Build.0 = Debug|Any CPU
		{7F8973CF-CC14-4324-B9C7-9C7C530964F6}.Release|Any CPU.ActiveCfg = Release|Any CPU
		{7F8973CF-CC14-4324-B9C7-9C7C530964F6}.Release|Any CPU.Build.0 = Release|Any CPU
		{D7E6FE7A-6CD2-41F9-BC0F-9F457CBB8FAF}.Debug|Any CPU.ActiveCfg = Debug|Any CPU
		{D7E6FE7A-6CD2-41F9-BC0F-9F457CBB8FAF}.Debug|Any CPU.Build.0 = Debug|Any CPU
		{D7E6FE7A-6CD2-41F9-BC0F-9F457CBB8FAF}.Release|Any CPU.ActiveCfg = Release|Any CPU
		{D7E6FE7A-6CD2-41F9-BC0F-9F457CBB8FAF}.Release|Any CPU.Build.0 = Release|Any CPU
		{2254347E-0286-492E-BD79-0CF4CD85C787}.Debug|Any CPU.ActiveCfg = Debug|Any CPU
		{2254347E-0286-492E-BD79-0CF4CD85C787}.Debug|Any CPU.Build.0 = Debug|Any CPU
		{2254347E-0286-492E-BD79-0CF4CD85C787}.Release|Any CPU.ActiveCfg = Release|Any CPU
		{2254347E-0286-492E-BD79-0CF4CD85C787}.Release|Any CPU.Build.0 = Release|Any CPU
		{B6BAE3DF-D138-446B-825F-267993F27958}.Debug|Any CPU.ActiveCfg = Debug|Any CPU
		{B6BAE3DF-D138-446B-825F-267993F27958}.Debug|Any CPU.Build.0 = Debug|Any CPU
		{B6BAE3DF-D138-446B-825F-267993F27958}.Release|Any CPU.ActiveCfg = Release|Any CPU
		{B6BAE3DF-D138-446B-825F-267993F27958}.Release|Any CPU.Build.0 = Release|Any CPU
		{D831389D-F3BD-4050-B9C8-B62C90CBB766}.Debug|Any CPU.ActiveCfg = Debug|Any CPU
		{D831389D-F3BD-4050-B9C8-B62C90CBB766}.Debug|Any CPU.Build.0 = Debug|Any CPU
		{D831389D-F3BD-4050-B9C8-B62C90CBB766}.Release|Any CPU.ActiveCfg = Release|Any CPU
		{D831389D-F3BD-4050-B9C8-B62C90CBB766}.Release|Any CPU.Build.0 = Release|Any CPU
		{D447F83E-2B1C-438A-82F8-ABB68CCF136D}.Debug|Any CPU.ActiveCfg = Debug|Any CPU
		{D447F83E-2B1C-438A-82F8-ABB68CCF136D}.Debug|Any CPU.Build.0 = Debug|Any CPU
		{D447F83E-2B1C-438A-82F8-ABB68CCF136D}.Release|Any CPU.ActiveCfg = Release|Any CPU
		{D447F83E-2B1C-438A-82F8-ABB68CCF136D}.Release|Any CPU.Build.0 = Release|Any CPU
		{178D8427-7E5C-4EAB-B6D0-B0777BA474B9}.Debug|Any CPU.ActiveCfg = Debug|Any CPU
		{178D8427-7E5C-4EAB-B6D0-B0777BA474B9}.Debug|Any CPU.Build.0 = Debug|Any CPU
		{178D8427-7E5C-4EAB-B6D0-B0777BA474B9}.Release|Any CPU.ActiveCfg = Release|Any CPU
		{178D8427-7E5C-4EAB-B6D0-B0777BA474B9}.Release|Any CPU.Build.0 = Release|Any CPU
		{8CE10AEF-CD86-47AF-82F3-6A0D20EA443C}.Debug|Any CPU.ActiveCfg = Debug|Any CPU
		{8CE10AEF-CD86-47AF-82F3-6A0D20EA443C}.Debug|Any CPU.Build.0 = Debug|Any CPU
		{8CE10AEF-CD86-47AF-82F3-6A0D20EA443C}.Release|Any CPU.ActiveCfg = Release|Any CPU
		{8CE10AEF-CD86-47AF-82F3-6A0D20EA443C}.Release|Any CPU.Build.0 = Release|Any CPU
		{BF60D11C-18AA-4E96-8120-9C26C7A3B077}.Debug|Any CPU.ActiveCfg = Debug|Any CPU
		{BF60D11C-18AA-4E96-8120-9C26C7A3B077}.Debug|Any CPU.Build.0 = Debug|Any CPU
		{BF60D11C-18AA-4E96-8120-9C26C7A3B077}.Release|Any CPU.ActiveCfg = Release|Any CPU
		{BF60D11C-18AA-4E96-8120-9C26C7A3B077}.Release|Any CPU.Build.0 = Release|Any CPU
		{84C321DC-3AA0-477A-8885-C8B286CFE92F}.Debug|Any CPU.ActiveCfg = Debug|Any CPU
		{84C321DC-3AA0-477A-8885-C8B286CFE92F}.Debug|Any CPU.Build.0 = Debug|Any CPU
		{84C321DC-3AA0-477A-8885-C8B286CFE92F}.Release|Any CPU.ActiveCfg = Release|Any CPU
		{84C321DC-3AA0-477A-8885-C8B286CFE92F}.Release|Any CPU.Build.0 = Release|Any CPU
		{F9F41777-F4B8-478A-A390-A56C2EE2D1EE}.Debug|Any CPU.ActiveCfg = Debug|Any CPU
		{F9F41777-F4B8-478A-A390-A56C2EE2D1EE}.Debug|Any CPU.Build.0 = Debug|Any CPU
		{F9F41777-F4B8-478A-A390-A56C2EE2D1EE}.Release|Any CPU.ActiveCfg = Release|Any CPU
		{F9F41777-F4B8-478A-A390-A56C2EE2D1EE}.Release|Any CPU.Build.0 = Release|Any CPU
		{6BD865AD-5C23-429E-AE21-147F01FDFB9C}.Debug|Any CPU.ActiveCfg = Debug|Any CPU
		{6BD865AD-5C23-429E-AE21-147F01FDFB9C}.Debug|Any CPU.Build.0 = Debug|Any CPU
		{6BD865AD-5C23-429E-AE21-147F01FDFB9C}.Release|Any CPU.ActiveCfg = Release|Any CPU
		{6BD865AD-5C23-429E-AE21-147F01FDFB9C}.Release|Any CPU.Build.0 = Release|Any CPU
		{C3826ADD-BD16-4358-92C5-263F6C21A1DA}.Debug|Any CPU.ActiveCfg = Debug|Any CPU
		{C3826ADD-BD16-4358-92C5-263F6C21A1DA}.Debug|Any CPU.Build.0 = Debug|Any CPU
		{C3826ADD-BD16-4358-92C5-263F6C21A1DA}.Release|Any CPU.ActiveCfg = Release|Any CPU
		{C3826ADD-BD16-4358-92C5-263F6C21A1DA}.Release|Any CPU.Build.0 = Release|Any CPU
		{CF06F8CF-4198-44B1-9DF0-A03B15A79286}.Debug|Any CPU.ActiveCfg = Debug|Any CPU
		{CF06F8CF-4198-44B1-9DF0-A03B15A79286}.Debug|Any CPU.Build.0 = Debug|Any CPU
		{CF06F8CF-4198-44B1-9DF0-A03B15A79286}.Release|Any CPU.ActiveCfg = Release|Any CPU
		{CF06F8CF-4198-44B1-9DF0-A03B15A79286}.Release|Any CPU.Build.0 = Release|Any CPU
		{DD728B87-B19B-4B09-A448-F9CF2B5BEE3D}.Debug|Any CPU.ActiveCfg = Debug|Any CPU
		{DD728B87-B19B-4B09-A448-F9CF2B5BEE3D}.Debug|Any CPU.Build.0 = Debug|Any CPU
		{DD728B87-B19B-4B09-A448-F9CF2B5BEE3D}.Release|Any CPU.ActiveCfg = Release|Any CPU
		{DD728B87-B19B-4B09-A448-F9CF2B5BEE3D}.Release|Any CPU.Build.0 = Release|Any CPU
		{84A4428F-3EA2-4768-86DE-D63ACB052F7C}.Debug|Any CPU.ActiveCfg = Debug|Any CPU
		{84A4428F-3EA2-4768-86DE-D63ACB052F7C}.Debug|Any CPU.Build.0 = Debug|Any CPU
		{84A4428F-3EA2-4768-86DE-D63ACB052F7C}.Release|Any CPU.ActiveCfg = Release|Any CPU
		{84A4428F-3EA2-4768-86DE-D63ACB052F7C}.Release|Any CPU.Build.0 = Release|Any CPU
		{4A129640-9D1D-4C0F-9DAD-AEE73C1D4BF8}.Debug|Any CPU.ActiveCfg = Debug|Any CPU
		{4A129640-9D1D-4C0F-9DAD-AEE73C1D4BF8}.Debug|Any CPU.Build.0 = Debug|Any CPU
		{4A129640-9D1D-4C0F-9DAD-AEE73C1D4BF8}.Release|Any CPU.ActiveCfg = Release|Any CPU
		{4A129640-9D1D-4C0F-9DAD-AEE73C1D4BF8}.Release|Any CPU.Build.0 = Release|Any CPU
		{140346DC-4F27-474B-91B5-E851BFBA3C5E}.Debug|Any CPU.ActiveCfg = Debug|Any CPU
		{140346DC-4F27-474B-91B5-E851BFBA3C5E}.Debug|Any CPU.Build.0 = Debug|Any CPU
		{140346DC-4F27-474B-91B5-E851BFBA3C5E}.Release|Any CPU.ActiveCfg = Release|Any CPU
		{140346DC-4F27-474B-91B5-E851BFBA3C5E}.Release|Any CPU.Build.0 = Release|Any CPU
		{C0EC95CF-36F0-4972-90D4-5CAE19DBECCB}.Debug|Any CPU.ActiveCfg = Debug|Any CPU
		{C0EC95CF-36F0-4972-90D4-5CAE19DBECCB}.Debug|Any CPU.Build.0 = Debug|Any CPU
		{C0EC95CF-36F0-4972-90D4-5CAE19DBECCB}.Release|Any CPU.ActiveCfg = Release|Any CPU
		{C0EC95CF-36F0-4972-90D4-5CAE19DBECCB}.Release|Any CPU.Build.0 = Release|Any CPU
		{CE072C6B-BD15-451B-9B66-8A87BB76ECB9}.Debug|Any CPU.ActiveCfg = Debug|Any CPU
		{CE072C6B-BD15-451B-9B66-8A87BB76ECB9}.Debug|Any CPU.Build.0 = Debug|Any CPU
		{CE072C6B-BD15-451B-9B66-8A87BB76ECB9}.Release|Any CPU.ActiveCfg = Release|Any CPU
		{CE072C6B-BD15-451B-9B66-8A87BB76ECB9}.Release|Any CPU.Build.0 = Release|Any CPU
		{A8A9EF2F-8586-42EE-A034-F5F9A909CF18}.Debug|Any CPU.ActiveCfg = Debug|Any CPU
		{A8A9EF2F-8586-42EE-A034-F5F9A909CF18}.Debug|Any CPU.Build.0 = Debug|Any CPU
		{A8A9EF2F-8586-42EE-A034-F5F9A909CF18}.Release|Any CPU.ActiveCfg = Release|Any CPU
		{A8A9EF2F-8586-42EE-A034-F5F9A909CF18}.Release|Any CPU.Build.0 = Release|Any CPU
		{E4B901D9-8BDC-4D01-A9B3-2F6702ECA7BC}.Debug|Any CPU.ActiveCfg = Debug|Any CPU
		{E4B901D9-8BDC-4D01-A9B3-2F6702ECA7BC}.Debug|Any CPU.Build.0 = Debug|Any CPU
		{E4B901D9-8BDC-4D01-A9B3-2F6702ECA7BC}.Release|Any CPU.ActiveCfg = Release|Any CPU
		{E4B901D9-8BDC-4D01-A9B3-2F6702ECA7BC}.Release|Any CPU.Build.0 = Release|Any CPU
		{1E43EA8C-5994-4CF4-91F8-80E8EE2FEE19}.Debug|Any CPU.ActiveCfg = Debug|Any CPU
		{1E43EA8C-5994-4CF4-91F8-80E8EE2FEE19}.Debug|Any CPU.Build.0 = Debug|Any CPU
		{1E43EA8C-5994-4CF4-91F8-80E8EE2FEE19}.Release|Any CPU.ActiveCfg = Release|Any CPU
		{1E43EA8C-5994-4CF4-91F8-80E8EE2FEE19}.Release|Any CPU.Build.0 = Release|Any CPU
		{A78B7974-9320-4324-8859-61E727997406}.Debug|Any CPU.ActiveCfg = Debug|Any CPU
		{A78B7974-9320-4324-8859-61E727997406}.Debug|Any CPU.Build.0 = Debug|Any CPU
		{A78B7974-9320-4324-8859-61E727997406}.Release|Any CPU.ActiveCfg = Release|Any CPU
		{A78B7974-9320-4324-8859-61E727997406}.Release|Any CPU.Build.0 = Release|Any CPU
		{9EF1559F-493F-4BBA-922D-12F47CA5692C}.Debug|Any CPU.ActiveCfg = Debug|Any CPU
		{9EF1559F-493F-4BBA-922D-12F47CA5692C}.Debug|Any CPU.Build.0 = Debug|Any CPU
		{9EF1559F-493F-4BBA-922D-12F47CA5692C}.Release|Any CPU.ActiveCfg = Release|Any CPU
		{9EF1559F-493F-4BBA-922D-12F47CA5692C}.Release|Any CPU.Build.0 = Release|Any CPU
		{320CA635-D64F-46FC-9B6D-A403812B3EAA}.Debug|Any CPU.ActiveCfg = Debug|Any CPU
		{320CA635-D64F-46FC-9B6D-A403812B3EAA}.Debug|Any CPU.Build.0 = Debug|Any CPU
		{320CA635-D64F-46FC-9B6D-A403812B3EAA}.Release|Any CPU.ActiveCfg = Release|Any CPU
		{320CA635-D64F-46FC-9B6D-A403812B3EAA}.Release|Any CPU.Build.0 = Release|Any CPU
		{46B4E628-ACCC-4C9D-82C3-8F0CE9163A56}.Debug|Any CPU.ActiveCfg = Debug|Any CPU
		{46B4E628-ACCC-4C9D-82C3-8F0CE9163A56}.Debug|Any CPU.Build.0 = Debug|Any CPU
		{46B4E628-ACCC-4C9D-82C3-8F0CE9163A56}.Release|Any CPU.ActiveCfg = Release|Any CPU
		{46B4E628-ACCC-4C9D-82C3-8F0CE9163A56}.Release|Any CPU.Build.0 = Release|Any CPU
		{E304997B-A2FA-449F-8BCD-71781A5AD148}.Debug|Any CPU.ActiveCfg = Debug|Any CPU
		{E304997B-A2FA-449F-8BCD-71781A5AD148}.Debug|Any CPU.Build.0 = Debug|Any CPU
		{E304997B-A2FA-449F-8BCD-71781A5AD148}.Release|Any CPU.ActiveCfg = Release|Any CPU
		{E304997B-A2FA-449F-8BCD-71781A5AD148}.Release|Any CPU.Build.0 = Release|Any CPU
		{8010B5A4-3838-470B-B77C-9A23C108C783}.Debug|Any CPU.ActiveCfg = Debug|Any CPU
		{8010B5A4-3838-470B-B77C-9A23C108C783}.Debug|Any CPU.Build.0 = Debug|Any CPU
		{8010B5A4-3838-470B-B77C-9A23C108C783}.Release|Any CPU.ActiveCfg = Release|Any CPU
		{8010B5A4-3838-470B-B77C-9A23C108C783}.Release|Any CPU.Build.0 = Release|Any CPU
		{7D9141E3-37FE-49E6-89EB-355B76BE7A27}.Debug|Any CPU.ActiveCfg = Debug|Any CPU
		{7D9141E3-37FE-49E6-89EB-355B76BE7A27}.Debug|Any CPU.Build.0 = Debug|Any CPU
		{7D9141E3-37FE-49E6-89EB-355B76BE7A27}.Release|Any CPU.ActiveCfg = Release|Any CPU
		{7D9141E3-37FE-49E6-89EB-355B76BE7A27}.Release|Any CPU.Build.0 = Release|Any CPU
		{32E0FBC3-5BF0-4E9E-84FE-5705B3E0C217}.Debug|Any CPU.ActiveCfg = Debug|Any CPU
		{32E0FBC3-5BF0-4E9E-84FE-5705B3E0C217}.Debug|Any CPU.Build.0 = Debug|Any CPU
		{32E0FBC3-5BF0-4E9E-84FE-5705B3E0C217}.Release|Any CPU.ActiveCfg = Release|Any CPU
		{32E0FBC3-5BF0-4E9E-84FE-5705B3E0C217}.Release|Any CPU.Build.0 = Release|Any CPU
		{A4A25EB1-B40E-41D6-86CC-4413BA1736DE}.Debug|Any CPU.ActiveCfg = Debug|Any CPU
		{A4A25EB1-B40E-41D6-86CC-4413BA1736DE}.Debug|Any CPU.Build.0 = Debug|Any CPU
		{A4A25EB1-B40E-41D6-86CC-4413BA1736DE}.Release|Any CPU.ActiveCfg = Release|Any CPU
		{A4A25EB1-B40E-41D6-86CC-4413BA1736DE}.Release|Any CPU.Build.0 = Release|Any CPU
		{82A37532-6E04-4AC7-B238-74F2C9EA4229}.Debug|Any CPU.ActiveCfg = Debug|Any CPU
		{82A37532-6E04-4AC7-B238-74F2C9EA4229}.Debug|Any CPU.Build.0 = Debug|Any CPU
		{82A37532-6E04-4AC7-B238-74F2C9EA4229}.Release|Any CPU.ActiveCfg = Release|Any CPU
		{82A37532-6E04-4AC7-B238-74F2C9EA4229}.Release|Any CPU.Build.0 = Release|Any CPU
		{481EDB9D-8D00-48FF-AEA0-E2FA573E5F62}.Debug|Any CPU.ActiveCfg = Debug|Any CPU
		{481EDB9D-8D00-48FF-AEA0-E2FA573E5F62}.Debug|Any CPU.Build.0 = Debug|Any CPU
		{481EDB9D-8D00-48FF-AEA0-E2FA573E5F62}.Release|Any CPU.ActiveCfg = Release|Any CPU
		{481EDB9D-8D00-48FF-AEA0-E2FA573E5F62}.Release|Any CPU.Build.0 = Release|Any CPU
		{2E06AB8F-6988-46F6-A060-B4DB676B4D4F}.Debug|Any CPU.ActiveCfg = Debug|Any CPU
		{2E06AB8F-6988-46F6-A060-B4DB676B4D4F}.Debug|Any CPU.Build.0 = Debug|Any CPU
		{2E06AB8F-6988-46F6-A060-B4DB676B4D4F}.Release|Any CPU.ActiveCfg = Release|Any CPU
		{2E06AB8F-6988-46F6-A060-B4DB676B4D4F}.Release|Any CPU.Build.0 = Release|Any CPU
		{6EEB1846-1C5E-403F-A6A3-E1695796AF44}.Debug|Any CPU.ActiveCfg = Debug|Any CPU
		{6EEB1846-1C5E-403F-A6A3-E1695796AF44}.Debug|Any CPU.Build.0 = Debug|Any CPU
		{6EEB1846-1C5E-403F-A6A3-E1695796AF44}.Release|Any CPU.ActiveCfg = Release|Any CPU
		{6EEB1846-1C5E-403F-A6A3-E1695796AF44}.Release|Any CPU.Build.0 = Release|Any CPU
		{5FF7E338-8F4D-4B66-BE1A-D7B6B67FB806}.Debug|Any CPU.ActiveCfg = Debug|Any CPU
		{5FF7E338-8F4D-4B66-BE1A-D7B6B67FB806}.Debug|Any CPU.Build.0 = Debug|Any CPU
		{5FF7E338-8F4D-4B66-BE1A-D7B6B67FB806}.Release|Any CPU.ActiveCfg = Release|Any CPU
		{5FF7E338-8F4D-4B66-BE1A-D7B6B67FB806}.Release|Any CPU.Build.0 = Release|Any CPU
		{00E3BC94-0BF7-4EED-B590-3FD1D46462D3}.Debug|Any CPU.ActiveCfg = Debug|Any CPU
		{00E3BC94-0BF7-4EED-B590-3FD1D46462D3}.Debug|Any CPU.Build.0 = Debug|Any CPU
		{00E3BC94-0BF7-4EED-B590-3FD1D46462D3}.Release|Any CPU.ActiveCfg = Release|Any CPU
		{00E3BC94-0BF7-4EED-B590-3FD1D46462D3}.Release|Any CPU.Build.0 = Release|Any CPU
		{D7DE0F91-8CF8-420F-8149-45D3DCEBE979}.Debug|Any CPU.ActiveCfg = Debug|Any CPU
		{D7DE0F91-8CF8-420F-8149-45D3DCEBE979}.Debug|Any CPU.Build.0 = Debug|Any CPU
		{D7DE0F91-8CF8-420F-8149-45D3DCEBE979}.Release|Any CPU.ActiveCfg = Release|Any CPU
		{D7DE0F91-8CF8-420F-8149-45D3DCEBE979}.Release|Any CPU.Build.0 = Release|Any CPU
		{1CEE5359-28F9-4CF7-B6C9-715CB767D600}.Debug|Any CPU.ActiveCfg = Debug|Any CPU
		{1CEE5359-28F9-4CF7-B6C9-715CB767D600}.Debug|Any CPU.Build.0 = Debug|Any CPU
		{1CEE5359-28F9-4CF7-B6C9-715CB767D600}.Release|Any CPU.ActiveCfg = Release|Any CPU
		{1CEE5359-28F9-4CF7-B6C9-715CB767D600}.Release|Any CPU.Build.0 = Release|Any CPU
		{2A9183AC-0588-47FC-AD83-7EC338892BA2}.Debug|Any CPU.ActiveCfg = Debug|Any CPU
		{2A9183AC-0588-47FC-AD83-7EC338892BA2}.Debug|Any CPU.Build.0 = Debug|Any CPU
		{2A9183AC-0588-47FC-AD83-7EC338892BA2}.Release|Any CPU.ActiveCfg = Release|Any CPU
		{2A9183AC-0588-47FC-AD83-7EC338892BA2}.Release|Any CPU.Build.0 = Release|Any CPU
		{9D1903DE-E095-403F-ABF1-D5EACB9E8102}.Debug|Any CPU.ActiveCfg = Debug|Any CPU
		{9D1903DE-E095-403F-ABF1-D5EACB9E8102}.Debug|Any CPU.Build.0 = Debug|Any CPU
		{9D1903DE-E095-403F-ABF1-D5EACB9E8102}.Release|Any CPU.ActiveCfg = Release|Any CPU
		{9D1903DE-E095-403F-ABF1-D5EACB9E8102}.Release|Any CPU.Build.0 = Release|Any CPU
		{CDA59F1F-8999-4F4B-A968-4C6CF420C36C}.Debug|Any CPU.ActiveCfg = Debug|Any CPU
		{CDA59F1F-8999-4F4B-A968-4C6CF420C36C}.Debug|Any CPU.Build.0 = Debug|Any CPU
		{CDA59F1F-8999-4F4B-A968-4C6CF420C36C}.Release|Any CPU.ActiveCfg = Release|Any CPU
		{CDA59F1F-8999-4F4B-A968-4C6CF420C36C}.Release|Any CPU.Build.0 = Release|Any CPU
		{0036B170-5314-4191-9931-AB5540DF8EB0}.Debug|Any CPU.ActiveCfg = Debug|Any CPU
		{0036B170-5314-4191-9931-AB5540DF8EB0}.Debug|Any CPU.Build.0 = Debug|Any CPU
		{0036B170-5314-4191-9931-AB5540DF8EB0}.Release|Any CPU.ActiveCfg = Release|Any CPU
		{0036B170-5314-4191-9931-AB5540DF8EB0}.Release|Any CPU.Build.0 = Release|Any CPU
		{4445D7F5-E9D3-4D0B-9E20-7A03796F3F27}.Debug|Any CPU.ActiveCfg = Debug|Any CPU
		{4445D7F5-E9D3-4D0B-9E20-7A03796F3F27}.Debug|Any CPU.Build.0 = Debug|Any CPU
		{4445D7F5-E9D3-4D0B-9E20-7A03796F3F27}.Release|Any CPU.ActiveCfg = Release|Any CPU
		{4445D7F5-E9D3-4D0B-9E20-7A03796F3F27}.Release|Any CPU.Build.0 = Release|Any CPU
		{6ACACF6E-86E3-4FCA-906F-AA1FDBE96BC8}.Debug|Any CPU.ActiveCfg = Debug|Any CPU
		{6ACACF6E-86E3-4FCA-906F-AA1FDBE96BC8}.Debug|Any CPU.Build.0 = Debug|Any CPU
		{6ACACF6E-86E3-4FCA-906F-AA1FDBE96BC8}.Release|Any CPU.ActiveCfg = Release|Any CPU
		{6ACACF6E-86E3-4FCA-906F-AA1FDBE96BC8}.Release|Any CPU.Build.0 = Release|Any CPU
		{DD5366A6-A9A5-4919-A087-773C608B42C1}.Debug|Any CPU.ActiveCfg = Debug|Any CPU
		{DD5366A6-A9A5-4919-A087-773C608B42C1}.Debug|Any CPU.Build.0 = Debug|Any CPU
		{DD5366A6-A9A5-4919-A087-773C608B42C1}.Release|Any CPU.ActiveCfg = Release|Any CPU
		{DD5366A6-A9A5-4919-A087-773C608B42C1}.Release|Any CPU.Build.0 = Release|Any CPU
		{A33762C1-D77B-45BE-BE3D-8E29202B0971}.Debug|Any CPU.ActiveCfg = Debug|Any CPU
		{A33762C1-D77B-45BE-BE3D-8E29202B0971}.Debug|Any CPU.Build.0 = Debug|Any CPU
		{A33762C1-D77B-45BE-BE3D-8E29202B0971}.Release|Any CPU.ActiveCfg = Release|Any CPU
		{A33762C1-D77B-45BE-BE3D-8E29202B0971}.Release|Any CPU.Build.0 = Release|Any CPU
		{31E05676-4377-47D3-ABF5-AE112BD7E6A8}.Debug|Any CPU.ActiveCfg = Debug|Any CPU
		{31E05676-4377-47D3-ABF5-AE112BD7E6A8}.Debug|Any CPU.Build.0 = Debug|Any CPU
		{31E05676-4377-47D3-ABF5-AE112BD7E6A8}.Release|Any CPU.ActiveCfg = Release|Any CPU
		{31E05676-4377-47D3-ABF5-AE112BD7E6A8}.Release|Any CPU.Build.0 = Release|Any CPU
		{4B06D64B-3E98-4AD7-9586-CC09DBCFB036}.Debug|Any CPU.ActiveCfg = Debug|Any CPU
		{4B06D64B-3E98-4AD7-9586-CC09DBCFB036}.Debug|Any CPU.Build.0 = Debug|Any CPU
		{4B06D64B-3E98-4AD7-9586-CC09DBCFB036}.Release|Any CPU.ActiveCfg = Release|Any CPU
		{4B06D64B-3E98-4AD7-9586-CC09DBCFB036}.Release|Any CPU.Build.0 = Release|Any CPU
		{D89F4E86-B364-4AAA-B7A7-006535EB15BB}.Debug|Any CPU.ActiveCfg = Debug|Any CPU
		{D89F4E86-B364-4AAA-B7A7-006535EB15BB}.Debug|Any CPU.Build.0 = Debug|Any CPU
		{D89F4E86-B364-4AAA-B7A7-006535EB15BB}.Release|Any CPU.ActiveCfg = Release|Any CPU
		{D89F4E86-B364-4AAA-B7A7-006535EB15BB}.Release|Any CPU.Build.0 = Release|Any CPU
		{940F0707-3790-491F-87C4-9697A74C9BB9}.Debug|Any CPU.ActiveCfg = Debug|Any CPU
		{940F0707-3790-491F-87C4-9697A74C9BB9}.Debug|Any CPU.Build.0 = Debug|Any CPU
		{940F0707-3790-491F-87C4-9697A74C9BB9}.Release|Any CPU.ActiveCfg = Release|Any CPU
		{940F0707-3790-491F-87C4-9697A74C9BB9}.Release|Any CPU.Build.0 = Release|Any CPU
		{F8EA9F4C-644F-4846-945E-B513FFC78099}.Debug|Any CPU.ActiveCfg = Debug|Any CPU
		{F8EA9F4C-644F-4846-945E-B513FFC78099}.Debug|Any CPU.Build.0 = Debug|Any CPU
		{F8EA9F4C-644F-4846-945E-B513FFC78099}.Release|Any CPU.ActiveCfg = Release|Any CPU
		{F8EA9F4C-644F-4846-945E-B513FFC78099}.Release|Any CPU.Build.0 = Release|Any CPU
		{36C0DB0B-B36D-4342-893C-8E889CB25553}.Debug|Any CPU.ActiveCfg = Debug|Any CPU
		{36C0DB0B-B36D-4342-893C-8E889CB25553}.Debug|Any CPU.Build.0 = Debug|Any CPU
		{36C0DB0B-B36D-4342-893C-8E889CB25553}.Release|Any CPU.ActiveCfg = Release|Any CPU
		{36C0DB0B-B36D-4342-893C-8E889CB25553}.Release|Any CPU.Build.0 = Release|Any CPU
		{5F7297FC-495D-4776-9491-4F82C48D044C}.Debug|Any CPU.ActiveCfg = Debug|Any CPU
		{5F7297FC-495D-4776-9491-4F82C48D044C}.Debug|Any CPU.Build.0 = Debug|Any CPU
		{5F7297FC-495D-4776-9491-4F82C48D044C}.Release|Any CPU.ActiveCfg = Release|Any CPU
		{5F7297FC-495D-4776-9491-4F82C48D044C}.Release|Any CPU.Build.0 = Release|Any CPU
		{5B329EFC-CA3C-4229-8209-D61C02D0FC07}.Debug|Any CPU.ActiveCfg = Debug|Any CPU
		{5B329EFC-CA3C-4229-8209-D61C02D0FC07}.Debug|Any CPU.Build.0 = Debug|Any CPU
		{5B329EFC-CA3C-4229-8209-D61C02D0FC07}.Release|Any CPU.ActiveCfg = Release|Any CPU
		{5B329EFC-CA3C-4229-8209-D61C02D0FC07}.Release|Any CPU.Build.0 = Release|Any CPU
		{CEAB06C6-6230-4AF4-854E-59E0B626D26A}.Debug|Any CPU.ActiveCfg = Debug|Any CPU
		{CEAB06C6-6230-4AF4-854E-59E0B626D26A}.Debug|Any CPU.Build.0 = Debug|Any CPU
		{CEAB06C6-6230-4AF4-854E-59E0B626D26A}.Release|Any CPU.ActiveCfg = Release|Any CPU
		{CEAB06C6-6230-4AF4-854E-59E0B626D26A}.Release|Any CPU.Build.0 = Release|Any CPU
		{84AB41DC-4F18-44B7-90DA-E701D4B72EDE}.Debug|Any CPU.ActiveCfg = Debug|Any CPU
		{84AB41DC-4F18-44B7-90DA-E701D4B72EDE}.Debug|Any CPU.Build.0 = Debug|Any CPU
		{84AB41DC-4F18-44B7-90DA-E701D4B72EDE}.Release|Any CPU.ActiveCfg = Release|Any CPU
		{84AB41DC-4F18-44B7-90DA-E701D4B72EDE}.Release|Any CPU.Build.0 = Release|Any CPU
		{44BE88FB-0206-4407-8B91-04E3DE55F595}.Debug|Any CPU.ActiveCfg = Debug|Any CPU
		{44BE88FB-0206-4407-8B91-04E3DE55F595}.Debug|Any CPU.Build.0 = Debug|Any CPU
		{44BE88FB-0206-4407-8B91-04E3DE55F595}.Release|Any CPU.ActiveCfg = Release|Any CPU
		{44BE88FB-0206-4407-8B91-04E3DE55F595}.Release|Any CPU.Build.0 = Release|Any CPU
		{4037E730-8D6C-4222-91A6-8D74804C9667}.Debug|Any CPU.ActiveCfg = Debug|Any CPU
		{4037E730-8D6C-4222-91A6-8D74804C9667}.Debug|Any CPU.Build.0 = Debug|Any CPU
		{4037E730-8D6C-4222-91A6-8D74804C9667}.Release|Any CPU.ActiveCfg = Release|Any CPU
		{4037E730-8D6C-4222-91A6-8D74804C9667}.Release|Any CPU.Build.0 = Release|Any CPU
		{7F2AE5FD-B8DB-44BA-B198-468BAF01429E}.Debug|Any CPU.ActiveCfg = Debug|Any CPU
		{7F2AE5FD-B8DB-44BA-B198-468BAF01429E}.Debug|Any CPU.Build.0 = Debug|Any CPU
		{7F2AE5FD-B8DB-44BA-B198-468BAF01429E}.Release|Any CPU.ActiveCfg = Release|Any CPU
		{7F2AE5FD-B8DB-44BA-B198-468BAF01429E}.Release|Any CPU.Build.0 = Release|Any CPU
		{ED287769-6068-4407-86AD-74DF24F2D4A5}.Debug|Any CPU.ActiveCfg = Debug|Any CPU
		{ED287769-6068-4407-86AD-74DF24F2D4A5}.Debug|Any CPU.Build.0 = Debug|Any CPU
		{ED287769-6068-4407-86AD-74DF24F2D4A5}.Release|Any CPU.ActiveCfg = Release|Any CPU
		{ED287769-6068-4407-86AD-74DF24F2D4A5}.Release|Any CPU.Build.0 = Release|Any CPU
		{EC7AA622-A088-4266-A924-1EEF510E26C4}.Debug|Any CPU.ActiveCfg = Debug|Any CPU
		{EC7AA622-A088-4266-A924-1EEF510E26C4}.Debug|Any CPU.Build.0 = Debug|Any CPU
		{EC7AA622-A088-4266-A924-1EEF510E26C4}.Release|Any CPU.ActiveCfg = Release|Any CPU
		{EC7AA622-A088-4266-A924-1EEF510E26C4}.Release|Any CPU.Build.0 = Release|Any CPU
		{9835F25E-34D3-499C-BE87-4CCA53AC4241}.Debug|Any CPU.ActiveCfg = Debug|Any CPU
		{9835F25E-34D3-499C-BE87-4CCA53AC4241}.Debug|Any CPU.Build.0 = Debug|Any CPU
		{9835F25E-34D3-499C-BE87-4CCA53AC4241}.Release|Any CPU.ActiveCfg = Release|Any CPU
		{9835F25E-34D3-499C-BE87-4CCA53AC4241}.Release|Any CPU.Build.0 = Release|Any CPU
		{8D936D8A-29C0-47CE-B3B0-40D9917859F7}.Debug|Any CPU.ActiveCfg = Debug|Any CPU
		{8D936D8A-29C0-47CE-B3B0-40D9917859F7}.Debug|Any CPU.Build.0 = Debug|Any CPU
		{8D936D8A-29C0-47CE-B3B0-40D9917859F7}.Release|Any CPU.ActiveCfg = Release|Any CPU
		{8D936D8A-29C0-47CE-B3B0-40D9917859F7}.Release|Any CPU.Build.0 = Release|Any CPU
		{0C38866C-4B98-4FD8-9421-BB8B8A37F6C0}.Debug|Any CPU.ActiveCfg = Debug|Any CPU
		{0C38866C-4B98-4FD8-9421-BB8B8A37F6C0}.Debug|Any CPU.Build.0 = Debug|Any CPU
		{0C38866C-4B98-4FD8-9421-BB8B8A37F6C0}.Release|Any CPU.ActiveCfg = Release|Any CPU
		{0C38866C-4B98-4FD8-9421-BB8B8A37F6C0}.Release|Any CPU.Build.0 = Release|Any CPU
		{DFDA8376-DAE1-42CA-A95F-09BD119E559C}.Debug|Any CPU.ActiveCfg = Debug|Any CPU
		{DFDA8376-DAE1-42CA-A95F-09BD119E559C}.Debug|Any CPU.Build.0 = Debug|Any CPU
		{DFDA8376-DAE1-42CA-A95F-09BD119E559C}.Release|Any CPU.ActiveCfg = Release|Any CPU
		{DFDA8376-DAE1-42CA-A95F-09BD119E559C}.Release|Any CPU.Build.0 = Release|Any CPU
		{F5E17FBF-D340-4D9D-936B-F2485E364A21}.Debug|Any CPU.ActiveCfg = Debug|Any CPU
		{F5E17FBF-D340-4D9D-936B-F2485E364A21}.Debug|Any CPU.Build.0 = Debug|Any CPU
		{F5E17FBF-D340-4D9D-936B-F2485E364A21}.Release|Any CPU.ActiveCfg = Release|Any CPU
		{F5E17FBF-D340-4D9D-936B-F2485E364A21}.Release|Any CPU.Build.0 = Release|Any CPU
		{A444D42C-46E4-48D5-8475-D31AC093E410}.Debug|Any CPU.ActiveCfg = Debug|Any CPU
		{A444D42C-46E4-48D5-8475-D31AC093E410}.Debug|Any CPU.Build.0 = Debug|Any CPU
		{A444D42C-46E4-48D5-8475-D31AC093E410}.Release|Any CPU.ActiveCfg = Release|Any CPU
		{A444D42C-46E4-48D5-8475-D31AC093E410}.Release|Any CPU.Build.0 = Release|Any CPU
		{5558394E-380A-4D1A-B5C1-9D90E90EC147}.Debug|Any CPU.ActiveCfg = Debug|Any CPU
		{5558394E-380A-4D1A-B5C1-9D90E90EC147}.Debug|Any CPU.Build.0 = Debug|Any CPU
		{5558394E-380A-4D1A-B5C1-9D90E90EC147}.Release|Any CPU.ActiveCfg = Release|Any CPU
		{5558394E-380A-4D1A-B5C1-9D90E90EC147}.Release|Any CPU.Build.0 = Release|Any CPU
		{1D62B424-B348-4C22-B9A5-B0ADA95C557E}.Debug|Any CPU.ActiveCfg = Debug|Any CPU
		{1D62B424-B348-4C22-B9A5-B0ADA95C557E}.Debug|Any CPU.Build.0 = Debug|Any CPU
		{1D62B424-B348-4C22-B9A5-B0ADA95C557E}.Release|Any CPU.ActiveCfg = Release|Any CPU
		{1D62B424-B348-4C22-B9A5-B0ADA95C557E}.Release|Any CPU.Build.0 = Release|Any CPU
		{F7B56CFB-9868-45A8-BA69-418812B306B6}.Debug|Any CPU.ActiveCfg = Debug|Any CPU
		{F7B56CFB-9868-45A8-BA69-418812B306B6}.Debug|Any CPU.Build.0 = Debug|Any CPU
		{F7B56CFB-9868-45A8-BA69-418812B306B6}.Release|Any CPU.ActiveCfg = Release|Any CPU
		{F7B56CFB-9868-45A8-BA69-418812B306B6}.Release|Any CPU.Build.0 = Release|Any CPU
	EndGlobalSection
	GlobalSection(SolutionProperties) = preSolution
		HideSolutionNode = FALSE
	EndGlobalSection
	GlobalSection(NestedProjects) = preSolution
		{32898F67-6BDE-4633-AA1D-F3DF0D103935} = {F5AE1B03-9999-4DD5-A224-BECA576E19DA}
		{2ED36439-76CA-4E6F-BA99-EDCF583DEB00} = {F5AE1B03-9999-4DD5-A224-BECA576E19DA}
		{7F8973CF-CC14-4324-B9C7-9C7C530964F6} = {5FEEDE8E-6C20-43AC-8EBF-E15F97425AFF}
		{D7E6FE7A-6CD2-41F9-BC0F-9F457CBB8FAF} = {5FEEDE8E-6C20-43AC-8EBF-E15F97425AFF}
		{2254347E-0286-492E-BD79-0CF4CD85C787} = {5FEEDE8E-6C20-43AC-8EBF-E15F97425AFF}
		{DC661243-A99C-4D8C-A5BF-757648E09477} = {3D7EE420-E97D-459C-9DAC-48EFD8499B94}
		{B6BAE3DF-D138-446B-825F-267993F27958} = {DC661243-A99C-4D8C-A5BF-757648E09477}
		{D831389D-F3BD-4050-B9C8-B62C90CBB766} = {DC661243-A99C-4D8C-A5BF-757648E09477}
		{D447F83E-2B1C-438A-82F8-ABB68CCF136D} = {DC661243-A99C-4D8C-A5BF-757648E09477}
		{178D8427-7E5C-4EAB-B6D0-B0777BA474B9} = {DC661243-A99C-4D8C-A5BF-757648E09477}
		{8CE10AEF-CD86-47AF-82F3-6A0D20EA443C} = {DC661243-A99C-4D8C-A5BF-757648E09477}
		{BF60D11C-18AA-4E96-8120-9C26C7A3B077} = {DC661243-A99C-4D8C-A5BF-757648E09477}
		{84C321DC-3AA0-477A-8885-C8B286CFE92F} = {DC661243-A99C-4D8C-A5BF-757648E09477}
		{F9F41777-F4B8-478A-A390-A56C2EE2D1EE} = {DC661243-A99C-4D8C-A5BF-757648E09477}
		{6BD865AD-5C23-429E-AE21-147F01FDFB9C} = {DC661243-A99C-4D8C-A5BF-757648E09477}
		{C3826ADD-BD16-4358-92C5-263F6C21A1DA} = {DC661243-A99C-4D8C-A5BF-757648E09477}
		{CF06F8CF-4198-44B1-9DF0-A03B15A79286} = {DC661243-A99C-4D8C-A5BF-757648E09477}
		{6E83A517-D554-4323-B7D2-8A57FFFDB427} = {3D7EE420-E97D-459C-9DAC-48EFD8499B94}
		{DD728B87-B19B-4B09-A448-F9CF2B5BEE3D} = {6E83A517-D554-4323-B7D2-8A57FFFDB427}
		{84A4428F-3EA2-4768-86DE-D63ACB052F7C} = {6E83A517-D554-4323-B7D2-8A57FFFDB427}
		{4A129640-9D1D-4C0F-9DAD-AEE73C1D4BF8} = {77B7FBB6-2BFE-4FF6-9E9E-2BFE36C65292}
		{5FEEDE8E-6C20-43AC-8EBF-E15F97425AFF} = {3D7EE420-E97D-459C-9DAC-48EFD8499B94}
		{140346DC-4F27-474B-91B5-E851BFBA3C5E} = {5FEEDE8E-6C20-43AC-8EBF-E15F97425AFF}
		{C0EC95CF-36F0-4972-90D4-5CAE19DBECCB} = {5FEEDE8E-6C20-43AC-8EBF-E15F97425AFF}
		{CE072C6B-BD15-451B-9B66-8A87BB76ECB9} = {6E83A517-D554-4323-B7D2-8A57FFFDB427}
		{A8A9EF2F-8586-42EE-A034-F5F9A909CF18} = {6E83A517-D554-4323-B7D2-8A57FFFDB427}
		{E4B901D9-8BDC-4D01-A9B3-2F6702ECA7BC} = {3D61E159-4A7B-48E9-8513-87E0B945134D}
		{1E43EA8C-5994-4CF4-91F8-80E8EE2FEE19} = {6E83A517-D554-4323-B7D2-8A57FFFDB427}
		{77599823-F453-4420-AE74-800DB748C314} = {3D7EE420-E97D-459C-9DAC-48EFD8499B94}
		{A78B7974-9320-4324-8859-61E727997406} = {77599823-F453-4420-AE74-800DB748C314}
		{9EF1559F-493F-4BBA-922D-12F47CA5692C} = {77599823-F453-4420-AE74-800DB748C314}
		{320CA635-D64F-46FC-9B6D-A403812B3EAA} = {D4F80B27-FB36-4771-930B-5BACA9466F43}
		{46B4E628-ACCC-4C9D-82C3-8F0CE9163A56} = {D4F80B27-FB36-4771-930B-5BACA9466F43}
		{E304997B-A2FA-449F-8BCD-71781A5AD148} = {D4F80B27-FB36-4771-930B-5BACA9466F43}
		{8010B5A4-3838-470B-B77C-9A23C108C783} = {77599823-F453-4420-AE74-800DB748C314}
		{7D9141E3-37FE-49E6-89EB-355B76BE7A27} = {77B7FBB6-2BFE-4FF6-9E9E-2BFE36C65292}
		{32E0FBC3-5BF0-4E9E-84FE-5705B3E0C217} = {3D61E159-4A7B-48E9-8513-87E0B945134D}
		{A4A25EB1-B40E-41D6-86CC-4413BA1736DE} = {3D61E159-4A7B-48E9-8513-87E0B945134D}
		{82A37532-6E04-4AC7-B238-74F2C9EA4229} = {3D61E159-4A7B-48E9-8513-87E0B945134D}
		{481EDB9D-8D00-48FF-AEA0-E2FA573E5F62} = {3D61E159-4A7B-48E9-8513-87E0B945134D}
		{2E06AB8F-6988-46F6-A060-B4DB676B4D4F} = {3D61E159-4A7B-48E9-8513-87E0B945134D}
		{6EEB1846-1C5E-403F-A6A3-E1695796AF44} = {77599823-F453-4420-AE74-800DB748C314}
		{EB853FED-1B8D-4467-97C2-D4574D6DC7A1} = {73EBDC84-5F92-4B3A-A7DB-8EE7EA133291}
		{89C9E965-2E5F-451B-B5AD-C06E8CDED0D2} = {73EBDC84-5F92-4B3A-A7DB-8EE7EA133291}
		{29D575D7-48D6-4967-9307-95CF8C45D78F} = {73EBDC84-5F92-4B3A-A7DB-8EE7EA133291}
		{5FF7E338-8F4D-4B66-BE1A-D7B6B67FB806} = {EB853FED-1B8D-4467-97C2-D4574D6DC7A1}
		{00E3BC94-0BF7-4EED-B590-3FD1D46462D3} = {EB853FED-1B8D-4467-97C2-D4574D6DC7A1}
		{D7DE0F91-8CF8-420F-8149-45D3DCEBE979} = {EB853FED-1B8D-4467-97C2-D4574D6DC7A1}
		{1CEE5359-28F9-4CF7-B6C9-715CB767D600} = {EB853FED-1B8D-4467-97C2-D4574D6DC7A1}
		{2A9183AC-0588-47FC-AD83-7EC338892BA2} = {EB853FED-1B8D-4467-97C2-D4574D6DC7A1}
		{9D1903DE-E095-403F-ABF1-D5EACB9E8102} = {89C9E965-2E5F-451B-B5AD-C06E8CDED0D2}
		{CDA59F1F-8999-4F4B-A968-4C6CF420C36C} = {89C9E965-2E5F-451B-B5AD-C06E8CDED0D2}
		{0036B170-5314-4191-9931-AB5540DF8EB0} = {89C9E965-2E5F-451B-B5AD-C06E8CDED0D2}
		{4445D7F5-E9D3-4D0B-9E20-7A03796F3F27} = {89C9E965-2E5F-451B-B5AD-C06E8CDED0D2}
		{6ACACF6E-86E3-4FCA-906F-AA1FDBE96BC8} = {89C9E965-2E5F-451B-B5AD-C06E8CDED0D2}
		{DD5366A6-A9A5-4919-A087-773C608B42C1} = {89C9E965-2E5F-451B-B5AD-C06E8CDED0D2}
		{A33762C1-D77B-45BE-BE3D-8E29202B0971} = {89C9E965-2E5F-451B-B5AD-C06E8CDED0D2}
		{31E05676-4377-47D3-ABF5-AE112BD7E6A8} = {29D575D7-48D6-4967-9307-95CF8C45D78F}
		{4B06D64B-3E98-4AD7-9586-CC09DBCFB036} = {29D575D7-48D6-4967-9307-95CF8C45D78F}
		{D89F4E86-B364-4AAA-B7A7-006535EB15BB} = {29D575D7-48D6-4967-9307-95CF8C45D78F}
		{940F0707-3790-491F-87C4-9697A74C9BB9} = {29D575D7-48D6-4967-9307-95CF8C45D78F}
		{F8EA9F4C-644F-4846-945E-B513FFC78099} = {29D575D7-48D6-4967-9307-95CF8C45D78F}
		{36C0DB0B-B36D-4342-893C-8E889CB25553} = {29D575D7-48D6-4967-9307-95CF8C45D78F}
		{5F7297FC-495D-4776-9491-4F82C48D044C} = {29D575D7-48D6-4967-9307-95CF8C45D78F}
		{5B329EFC-CA3C-4229-8209-D61C02D0FC07} = {29D575D7-48D6-4967-9307-95CF8C45D78F}
		{CEAB06C6-6230-4AF4-854E-59E0B626D26A} = {29D575D7-48D6-4967-9307-95CF8C45D78F}
		{84AB41DC-4F18-44B7-90DA-E701D4B72EDE} = {29D575D7-48D6-4967-9307-95CF8C45D78F}
		{44BE88FB-0206-4407-8B91-04E3DE55F595} = {29D575D7-48D6-4967-9307-95CF8C45D78F}
		{79CFF9D7-E089-4FB7-BEA6-33952F075D40} = {73EBDC84-5F92-4B3A-A7DB-8EE7EA133291}
		{4037E730-8D6C-4222-91A6-8D74804C9667} = {79CFF9D7-E089-4FB7-BEA6-33952F075D40}
		{7F2AE5FD-B8DB-44BA-B198-468BAF01429E} = {D4F80B27-FB36-4771-930B-5BACA9466F43}
		{ED287769-6068-4407-86AD-74DF24F2D4A5} = {D4F80B27-FB36-4771-930B-5BACA9466F43}
		{EC7AA622-A088-4266-A924-1EEF510E26C4} = {D4F80B27-FB36-4771-930B-5BACA9466F43}
		{9835F25E-34D3-499C-BE87-4CCA53AC4241} = {2A954888-836F-4C71-A19D-911C5BCDFB3F}
		{8D936D8A-29C0-47CE-B3B0-40D9917859F7} = {3D61E159-4A7B-48E9-8513-87E0B945134D}
		{0C38866C-4B98-4FD8-9421-BB8B8A37F6C0} = {3D61E159-4A7B-48E9-8513-87E0B945134D}
		{DFDA8376-DAE1-42CA-A95F-09BD119E559C} = {3D61E159-4A7B-48E9-8513-87E0B945134D}
		{F5E17FBF-D340-4D9D-936B-F2485E364A21} = {7F5D2E8B-E959-49F2-8B7F-AD4C6EB9D3F7}
		{E28B7AD3-1233-4ABF-9996-04CED0012178} = {95C3D3F9-5A22-43D0-83E6-637E1A9CD384}
		{A444D42C-46E4-48D5-8475-D31AC093E410} = {E28B7AD3-1233-4ABF-9996-04CED0012178}
		{5558394E-380A-4D1A-B5C1-9D90E90EC147} = {E28B7AD3-1233-4ABF-9996-04CED0012178}
		{1D62B424-B348-4C22-B9A5-B0ADA95C557E} = {95C3D3F9-5A22-43D0-83E6-637E1A9CD384}
		{F7B56CFB-9868-45A8-BA69-418812B306B6} = {3D61E159-4A7B-48E9-8513-87E0B945134D}
	EndGlobalSection
	GlobalSection(ExtensibilityGlobals) = postSolution
		SolutionGuid = {3C49BFFF-C38B-4EE4-8BEC-21AA3444C9DD}
	EndGlobalSection
EndGlobal
